// !$*UTF8*$!
{
	archiveVersion = 1;
	classes = {
	};
	objectVersion = 46;
	objects = {

/* Begin PBXBuildFile section */
		05F217951DA1F3E3001C8AA0 /* AppDelegate.swift in Sources */ = {isa = PBXBuildFile; fileRef = 05F217941DA1F3E3001C8AA0 /* AppDelegate.swift */; };
		05F217971DA1F3E3001C8AA0 /* ViewController.swift in Sources */ = {isa = PBXBuildFile; fileRef = 05F217961DA1F3E3001C8AA0 /* ViewController.swift */; };
		05F2179A1DA1F3E3001C8AA0 /* Main.storyboard in Resources */ = {isa = PBXBuildFile; fileRef = 05F217981DA1F3E3001C8AA0 /* Main.storyboard */; };
		05F2179D1DA1F3E3001C8AA0 /* Hinds_Justin_CE2.xcdatamodeld in Sources */ = {isa = PBXBuildFile; fileRef = 05F2179B1DA1F3E3001C8AA0 /* Hinds_Justin_CE2.xcdatamodeld */; };
		05F2179F1DA1F3E3001C8AA0 /* Assets.xcassets in Resources */ = {isa = PBXBuildFile; fileRef = 05F2179E1DA1F3E3001C8AA0 /* Assets.xcassets */; };
		05F217A21DA1F3E3001C8AA0 /* LaunchScreen.storyboard in Resources */ = {isa = PBXBuildFile; fileRef = 05F217A01DA1F3E3001C8AA0 /* LaunchScreen.storyboard */; };
		05F217AD1DA1F3E3001C8AA0 /* Hinds_Justin_CE2Tests.swift in Sources */ = {isa = PBXBuildFile; fileRef = 05F217AC1DA1F3E3001C8AA0 /* Hinds_Justin_CE2Tests.swift */; };
		05F217B81DA1F3E4001C8AA0 /* Hinds_Justin_CE2UITests.swift in Sources */ = {isa = PBXBuildFile; fileRef = 05F217B71DA1F3E4001C8AA0 /* Hinds_Justin_CE2UITests.swift */; };
		05F217C61DA1F440001C8AA0 /* CustomHeader.xib in Resources */ = {isa = PBXBuildFile; fileRef = 05F217C51DA1F440001C8AA0 /* CustomHeader.xib */; };
		05F217C81DA1F945001C8AA0 /* FoodItem.swift in Sources */ = {isa = PBXBuildFile; fileRef = 05F217C71DA1F945001C8AA0 /* FoodItem.swift */; };
		05F217CA1DA1FC5C001C8AA0 /* CustomCell.swift in Sources */ = {isa = PBXBuildFile; fileRef = 05F217C91DA1FC5C001C8AA0 /* CustomCell.swift */; };
		05F217CC1DA1FED9001C8AA0 /* CustomHeader.swift in Sources */ = {isa = PBXBuildFile; fileRef = 05F217CB1DA1FED9001C8AA0 /* CustomHeader.swift */; };
/* End PBXBuildFile section */

/* Begin PBXContainerItemProxy section */
		05F217A91DA1F3E3001C8AA0 /* PBXContainerItemProxy */ = {
			isa = PBXContainerItemProxy;
			containerPortal = 05F217891DA1F3E3001C8AA0 /* Project object */;
			proxyType = 1;
			remoteGlobalIDString = 05F217901DA1F3E3001C8AA0;
			remoteInfo = Hinds_Justin_CE2;
		};
		05F217B41DA1F3E4001C8AA0 /* PBXContainerItemProxy */ = {
			isa = PBXContainerItemProxy;
			containerPortal = 05F217891DA1F3E3001C8AA0 /* Project object */;
			proxyType = 1;
			remoteGlobalIDString = 05F217901DA1F3E3001C8AA0;
			remoteInfo = Hinds_Justin_CE2;
		};
/* End PBXContainerItemProxy section */

/* Begin PBXFileReference section */
		05F217911DA1F3E3001C8AA0 /* Hinds_Justin_CE2.app */ = {isa = PBXFileReference; explicitFileType = wrapper.application; includeInIndex = 0; path = Hinds_Justin_CE2.app; sourceTree = BUILT_PRODUCTS_DIR; };
		05F217941DA1F3E3001C8AA0 /* AppDelegate.swift */ = {isa = PBXFileReference; lastKnownFileType = sourcecode.swift; path = AppDelegate.swift; sourceTree = "<group>"; };
		05F217961DA1F3E3001C8AA0 /* ViewController.swift */ = {isa = PBXFileReference; lastKnownFileType = sourcecode.swift; path = ViewController.swift; sourceTree = "<group>"; };
		05F217991DA1F3E3001C8AA0 /* Base */ = {isa = PBXFileReference; lastKnownFileType = file.storyboard; name = Base; path = Base.lproj/Main.storyboard; sourceTree = "<group>"; };
		05F2179C1DA1F3E3001C8AA0 /* Hinds_Justin_CE2.xcdatamodel */ = {isa = PBXFileReference; lastKnownFileType = wrapper.xcdatamodel; path = Hinds_Justin_CE2.xcdatamodel; sourceTree = "<group>"; };
		05F2179E1DA1F3E3001C8AA0 /* Assets.xcassets */ = {isa = PBXFileReference; lastKnownFileType = folder.assetcatalog; path = Assets.xcassets; sourceTree = "<group>"; };
		05F217A11DA1F3E3001C8AA0 /* Base */ = {isa = PBXFileReference; lastKnownFileType = file.storyboard; name = Base; path = Base.lproj/LaunchScreen.storyboard; sourceTree = "<group>"; };
		05F217A31DA1F3E3001C8AA0 /* Info.plist */ = {isa = PBXFileReference; lastKnownFileType = text.plist.xml; path = Info.plist; sourceTree = "<group>"; };
		05F217A81DA1F3E3001C8AA0 /* Hinds_Justin_CE2Tests.xctest */ = {isa = PBXFileReference; explicitFileType = wrapper.cfbundle; includeInIndex = 0; path = Hinds_Justin_CE2Tests.xctest; sourceTree = BUILT_PRODUCTS_DIR; };
		05F217AC1DA1F3E3001C8AA0 /* Hinds_Justin_CE2Tests.swift */ = {isa = PBXFileReference; lastKnownFileType = sourcecode.swift; path = Hinds_Justin_CE2Tests.swift; sourceTree = "<group>"; };
		05F217AE1DA1F3E3001C8AA0 /* Info.plist */ = {isa = PBXFileReference; lastKnownFileType = text.plist.xml; path = Info.plist; sourceTree = "<group>"; };
		05F217B31DA1F3E4001C8AA0 /* Hinds_Justin_CE2UITests.xctest */ = {isa = PBXFileReference; explicitFileType = wrapper.cfbundle; includeInIndex = 0; path = Hinds_Justin_CE2UITests.xctest; sourceTree = BUILT_PRODUCTS_DIR; };
		05F217B71DA1F3E4001C8AA0 /* Hinds_Justin_CE2UITests.swift */ = {isa = PBXFileReference; lastKnownFileType = sourcecode.swift; path = Hinds_Justin_CE2UITests.swift; sourceTree = "<group>"; };
		05F217B91DA1F3E4001C8AA0 /* Info.plist */ = {isa = PBXFileReference; lastKnownFileType = text.plist.xml; path = Info.plist; sourceTree = "<group>"; };
		05F217C51DA1F440001C8AA0 /* CustomHeader.xib */ = {isa = PBXFileReference; fileEncoding = 4; lastKnownFileType = file.xib; path = CustomHeader.xib; sourceTree = "<group>"; };
		05F217C71DA1F945001C8AA0 /* FoodItem.swift */ = {isa = PBXFileReference; fileEncoding = 4; lastKnownFileType = sourcecode.swift; path = FoodItem.swift; sourceTree = "<group>"; };
		05F217C91DA1FC5C001C8AA0 /* CustomCell.swift */ = {isa = PBXFileReference; fileEncoding = 4; lastKnownFileType = sourcecode.swift; path = CustomCell.swift; sourceTree = "<group>"; };
		05F217CB1DA1FED9001C8AA0 /* CustomHeader.swift */ = {isa = PBXFileReference; fileEncoding = 4; lastKnownFileType = sourcecode.swift; path = CustomHeader.swift; sourceTree = "<group>"; };
/* End PBXFileReference section */

/* Begin PBXFrameworksBuildPhase section */
		05F2178E1DA1F3E3001C8AA0 /* Frameworks */ = {
			isa = PBXFrameworksBuildPhase;
			buildActionMask = 2147483647;
			files = (
			);
			runOnlyForDeploymentPostprocessing = 0;
		};
		05F217A51DA1F3E3001C8AA0 /* Frameworks */ = {
			isa = PBXFrameworksBuildPhase;
			buildActionMask = 2147483647;
			files = (
			);
			runOnlyForDeploymentPostprocessing = 0;
		};
		05F217B01DA1F3E4001C8AA0 /* Frameworks */ = {
			isa = PBXFrameworksBuildPhase;
			buildActionMask = 2147483647;
			files = (
			);
			runOnlyForDeploymentPostprocessing = 0;
		};
/* End PBXFrameworksBuildPhase section */

/* Begin PBXGroup section */
		05F217881DA1F3E3001C8AA0 = {
			isa = PBXGroup;
			children = (
				05F217931DA1F3E3001C8AA0 /* Hinds_Justin_CE2 */,
				05F217AB1DA1F3E3001C8AA0 /* Hinds_Justin_CE2Tests */,
				05F217B61DA1F3E4001C8AA0 /* Hinds_Justin_CE2UITests */,
				05F217921DA1F3E3001C8AA0 /* Products */,
			);
			sourceTree = "<group>";
		};
		05F217921DA1F3E3001C8AA0 /* Products */ = {
			isa = PBXGroup;
			children = (
				05F217911DA1F3E3001C8AA0 /* Hinds_Justin_CE2.app */,
				05F217A81DA1F3E3001C8AA0 /* Hinds_Justin_CE2Tests.xctest */,
				05F217B31DA1F3E4001C8AA0 /* Hinds_Justin_CE2UITests.xctest */,
			);
			name = Products;
			sourceTree = "<group>";
		};
		05F217931DA1F3E3001C8AA0 /* Hinds_Justin_CE2 */ = {
			isa = PBXGroup;
			children = (
				05F217941DA1F3E3001C8AA0 /* AppDelegate.swift */,
				05F217961DA1F3E3001C8AA0 /* ViewController.swift */,
				05F217C91DA1FC5C001C8AA0 /* CustomCell.swift */,
				05F217C71DA1F945001C8AA0 /* FoodItem.swift */,
				05F217C51DA1F440001C8AA0 /* CustomHeader.xib */,
				05F217CB1DA1FED9001C8AA0 /* CustomHeader.swift */,
				05F217981DA1F3E3001C8AA0 /* Main.storyboard */,
				05F2179E1DA1F3E3001C8AA0 /* Assets.xcassets */,
				05F217A01DA1F3E3001C8AA0 /* LaunchScreen.storyboard */,
				05F217A31DA1F3E3001C8AA0 /* Info.plist */,
				05F2179B1DA1F3E3001C8AA0 /* Hinds_Justin_CE2.xcdatamodeld */,
			);
			path = Hinds_Justin_CE2;
			sourceTree = "<group>";
		};
		05F217AB1DA1F3E3001C8AA0 /* Hinds_Justin_CE2Tests */ = {
			isa = PBXGroup;
			children = (
				05F217AC1DA1F3E3001C8AA0 /* Hinds_Justin_CE2Tests.swift */,
				05F217AE1DA1F3E3001C8AA0 /* Info.plist */,
			);
			path = Hinds_Justin_CE2Tests;
			sourceTree = "<group>";
		};
		05F217B61DA1F3E4001C8AA0 /* Hinds_Justin_CE2UITests */ = {
			isa = PBXGroup;
			children = (
				05F217B71DA1F3E4001C8AA0 /* Hinds_Justin_CE2UITests.swift */,
				05F217B91DA1F3E4001C8AA0 /* Info.plist */,
			);
			path = Hinds_Justin_CE2UITests;
			sourceTree = "<group>";
		};
/* End PBXGroup section */

/* Begin PBXNativeTarget section */
		05F217901DA1F3E3001C8AA0 /* Hinds_Justin_CE2 */ = {
			isa = PBXNativeTarget;
			buildConfigurationList = 05F217BC1DA1F3E4001C8AA0 /* Build configuration list for PBXNativeTarget "Hinds_Justin_CE2" */;
			buildPhases = (
				05F2178D1DA1F3E3001C8AA0 /* Sources */,
				05F2178E1DA1F3E3001C8AA0 /* Frameworks */,
				05F2178F1DA1F3E3001C8AA0 /* Resources */,
			);
			buildRules = (
			);
			dependencies = (
			);
			name = Hinds_Justin_CE2;
			productName = Hinds_Justin_CE2;
			productReference = 05F217911DA1F3E3001C8AA0 /* Hinds_Justin_CE2.app */;
			productType = "com.apple.product-type.application";
		};
		05F217A71DA1F3E3001C8AA0 /* Hinds_Justin_CE2Tests */ = {
			isa = PBXNativeTarget;
			buildConfigurationList = 05F217BF1DA1F3E4001C8AA0 /* Build configuration list for PBXNativeTarget "Hinds_Justin_CE2Tests" */;
			buildPhases = (
				05F217A41DA1F3E3001C8AA0 /* Sources */,
				05F217A51DA1F3E3001C8AA0 /* Frameworks */,
				05F217A61DA1F3E3001C8AA0 /* Resources */,
			);
			buildRules = (
			);
			dependencies = (
				05F217AA1DA1F3E3001C8AA0 /* PBXTargetDependency */,
			);
			name = Hinds_Justin_CE2Tests;
			productName = Hinds_Justin_CE2Tests;
			productReference = 05F217A81DA1F3E3001C8AA0 /* Hinds_Justin_CE2Tests.xctest */;
			productType = "com.apple.product-type.bundle.unit-test";
		};
		05F217B21DA1F3E4001C8AA0 /* Hinds_Justin_CE2UITests */ = {
			isa = PBXNativeTarget;
			buildConfigurationList = 05F217C21DA1F3E4001C8AA0 /* Build configuration list for PBXNativeTarget "Hinds_Justin_CE2UITests" */;
			buildPhases = (
				05F217AF1DA1F3E4001C8AA0 /* Sources */,
				05F217B01DA1F3E4001C8AA0 /* Frameworks */,
				05F217B11DA1F3E4001C8AA0 /* Resources */,
			);
			buildRules = (
			);
			dependencies = (
				05F217B51DA1F3E4001C8AA0 /* PBXTargetDependency */,
			);
			name = Hinds_Justin_CE2UITests;
			productName = Hinds_Justin_CE2UITests;
			productReference = 05F217B31DA1F3E4001C8AA0 /* Hinds_Justin_CE2UITests.xctest */;
			productType = "com.apple.product-type.bundle.ui-testing";
		};
/* End PBXNativeTarget section */

/* Begin PBXProject section */
		05F217891DA1F3E3001C8AA0 /* Project object */ = {
			isa = PBXProject;
			attributes = {
				LastSwiftUpdateCheck = 0800;
				LastUpgradeCheck = 0800;
				ORGANIZATIONNAME = "Justin Hinds";
				TargetAttributes = {
					05F217901DA1F3E3001C8AA0 = {
						CreatedOnToolsVersion = 8.0;
						ProvisioningStyle = Automatic;
					};
					05F217A71DA1F3E3001C8AA0 = {
						CreatedOnToolsVersion = 8.0;
						ProvisioningStyle = Automatic;
						TestTargetID = 05F217901DA1F3E3001C8AA0;
					};
					05F217B21DA1F3E4001C8AA0 = {
						CreatedOnToolsVersion = 8.0;
						ProvisioningStyle = Automatic;
						TestTargetID = 05F217901DA1F3E3001C8AA0;
					};
				};
			};
			buildConfigurationList = 05F2178C1DA1F3E3001C8AA0 /* Build configuration list for PBXProject "Hinds_Justin_CE2" */;
			compatibilityVersion = "Xcode 3.2";
			developmentRegion = English;
			hasScannedForEncodings = 0;
			knownRegions = (
				en,
				Base,
			);
			mainGroup = 05F217881DA1F3E3001C8AA0;
			productRefGroup = 05F217921DA1F3E3001C8AA0 /* Products */;
			projectDirPath = "";
			projectRoot = "";
			targets = (
				05F217901DA1F3E3001C8AA0 /* Hinds_Justin_CE2 */,
				05F217A71DA1F3E3001C8AA0 /* Hinds_Justin_CE2Tests */,
				05F217B21DA1F3E4001C8AA0 /* Hinds_Justin_CE2UITests */,
			);
		};
/* End PBXProject section */

/* Begin PBXResourcesBuildPhase section */
		05F2178F1DA1F3E3001C8AA0 /* Resources */ = {
			isa = PBXResourcesBuildPhase;
			buildActionMask = 2147483647;
			files = (
				05F217A21DA1F3E3001C8AA0 /* LaunchScreen.storyboard in Resources */,
				05F217C61DA1F440001C8AA0 /* CustomHeader.xib in Resources */,
				05F2179F1DA1F3E3001C8AA0 /* Assets.xcassets in Resources */,
				05F2179A1DA1F3E3001C8AA0 /* Main.storyboard in Resources */,
			);
			runOnlyForDeploymentPostprocessing = 0;
		};
		05F217A61DA1F3E3001C8AA0 /* Resources */ = {
			isa = PBXResourcesBuildPhase;
			buildActionMask = 2147483647;
			files = (
			);
			runOnlyForDeploymentPostprocessing = 0;
		};
		05F217B11DA1F3E4001C8AA0 /* Resources */ = {
			isa = PBXResourcesBuildPhase;
			buildActionMask = 2147483647;
			files = (
			);
			runOnlyForDeploymentPostprocessing = 0;
		};
/* End PBXResourcesBuildPhase section */

/* Begin PBXSourcesBuildPhase section */
		05F2178D1DA1F3E3001C8AA0 /* Sources */ = {
			isa = PBXSourcesBuildPhase;
			buildActionMask = 2147483647;
			files = (
				05F217C81DA1F945001C8AA0 /* FoodItem.swift in Sources */,
				05F217971DA1F3E3001C8AA0 /* ViewController.swift in Sources */,
				05F217CA1DA1FC5C001C8AA0 /* CustomCell.swift in Sources */,
				05F217951DA1F3E3001C8AA0 /* AppDelegate.swift in Sources */,
				05F2179D1DA1F3E3001C8AA0 /* Hinds_Justin_CE2.xcdatamodeld in Sources */,
				05F217CC1DA1FED9001C8AA0 /* CustomHeader.swift in Sources */,
			);
			runOnlyForDeploymentPostprocessing = 0;
		};
		05F217A41DA1F3E3001C8AA0 /* Sources */ = {
			isa = PBXSourcesBuildPhase;
			buildActionMask = 2147483647;
			files = (
				05F217AD1DA1F3E3001C8AA0 /* Hinds_Justin_CE2Tests.swift in Sources */,
			);
			runOnlyForDeploymentPostprocessing = 0;
		};
		05F217AF1DA1F3E4001C8AA0 /* Sources */ = {
			isa = PBXSourcesBuildPhase;
			buildActionMask = 2147483647;
			files = (
				05F217B81DA1F3E4001C8AA0 /* Hinds_Justin_CE2UITests.swift in Sources */,
			);
			runOnlyForDeploymentPostprocessing = 0;
		};
/* End PBXSourcesBuildPhase section */

/* Begin PBXTargetDependency section */
		05F217AA1DA1F3E3001C8AA0 /* PBXTargetDependency */ = {
			isa = PBXTargetDependency;
			target = 05F217901DA1F3E3001C8AA0 /* Hinds_Justin_CE2 */;
			targetProxy = 05F217A91DA1F3E3001C8AA0 /* PBXContainerItemProxy */;
		};
		05F217B51DA1F3E4001C8AA0 /* PBXTargetDependency */ = {
			isa = PBXTargetDependency;
			target = 05F217901DA1F3E3001C8AA0 /* Hinds_Justin_CE2 */;
			targetProxy = 05F217B41DA1F3E4001C8AA0 /* PBXContainerItemProxy */;
		};
/* End PBXTargetDependency section */

/* Begin PBXVariantGroup section */
		05F217981DA1F3E3001C8AA0 /* Main.storyboard */ = {
			isa = PBXVariantGroup;
			children = (
				05F217991DA1F3E3001C8AA0 /* Base */,
			);
			name = Main.storyboard;
			sourceTree = "<group>";
		};
		05F217A01DA1F3E3001C8AA0 /* LaunchScreen.storyboard */ = {
			isa = PBXVariantGroup;
			children = (
				05F217A11DA1F3E3001C8AA0 /* Base */,
			);
			name = LaunchScreen.storyboard;
			sourceTree = "<group>";
		};
/* End PBXVariantGroup section */

/* Begin XCBuildConfiguration section */
		05F217BA1DA1F3E4001C8AA0 /* Debug */ = {
			isa = XCBuildConfiguration;
			buildSettings = {
				ALWAYS_SEARCH_USER_PATHS = NO;
				CLANG_ANALYZER_NONNULL = YES;
				CLANG_CXX_LANGUAGE_STANDARD = "gnu++0x";
				CLANG_CXX_LIBRARY = "libc++";
				CLANG_ENABLE_MODULES = YES;
				CLANG_ENABLE_OBJC_ARC = YES;
				CLANG_WARN_BOOL_CONVERSION = YES;
				CLANG_WARN_CONSTANT_CONVERSION = YES;
				CLANG_WARN_DIRECT_OBJC_ISA_USAGE = YES_ERROR;
				CLANG_WARN_DOCUMENTATION_COMMENTS = YES;
				CLANG_WARN_EMPTY_BODY = YES;
				CLANG_WARN_ENUM_CONVERSION = YES;
				CLANG_WARN_INFINITE_RECURSION = YES;
				CLANG_WARN_INT_CONVERSION = YES;
				CLANG_WARN_OBJC_ROOT_CLASS = YES_ERROR;
				CLANG_WARN_SUSPICIOUS_MOVES = YES;
				CLANG_WARN_UNREACHABLE_CODE = YES;
				CLANG_WARN__DUPLICATE_METHOD_MATCH = YES;
				"CODE_SIGN_IDENTITY[sdk=iphoneos*]" = "iPhone Developer";
				COPY_PHASE_STRIP = NO;
				DEBUG_INFORMATION_FORMAT = dwarf;
				ENABLE_STRICT_OBJC_MSGSEND = YES;
				ENABLE_TESTABILITY = YES;
				GCC_C_LANGUAGE_STANDARD = gnu99;
				GCC_DYNAMIC_NO_PIC = NO;
				GCC_NO_COMMON_BLOCKS = YES;
				GCC_OPTIMIZATION_LEVEL = 0;
				GCC_PREPROCESSOR_DEFINITIONS = (
					"DEBUG=1",
					"$(inherited)",
				);
				GCC_WARN_64_TO_32_BIT_CONVERSION = YES;
				GCC_WARN_ABOUT_RETURN_TYPE = YES_ERROR;
				GCC_WARN_UNDECLARED_SELECTOR = YES;
				GCC_WARN_UNINITIALIZED_AUTOS = YES_AGGRESSIVE;
				GCC_WARN_UNUSED_FUNCTION = YES;
				GCC_WARN_UNUSED_VARIABLE = YES;
				IPHONEOS_DEPLOYMENT_TARGET = 10.0;
				MTL_ENABLE_DEBUG_INFO = YES;
				ONLY_ACTIVE_ARCH = YES;
				SDKROOT = iphoneos;
				SWIFT_ACTIVE_COMPILATION_CONDITIONS = DEBUG;
				SWIFT_OPTIMIZATION_LEVEL = "-Onone";
			};
			name = Debug;
		};
		05F217BB1DA1F3E4001C8AA0 /* Release */ = {
			isa = XCBuildConfiguration;
			buildSettings = {
				ALWAYS_SEARCH_USER_PATHS = NO;
				CLANG_ANALYZER_NONNULL = YES;
				CLANG_CXX_LANGUAGE_STANDARD = "gnu++0x";
				CLANG_CXX_LIBRARY = "libc++";
				CLANG_ENABLE_MODULES = YES;
				CLANG_ENABLE_OBJC_ARC = YES;
				CLANG_WARN_BOOL_CONVERSION = YES;
				CLANG_WARN_CONSTANT_CONVERSION = YES;
				CLANG_WARN_DIRECT_OBJC_ISA_USAGE = YES_ERROR;
				CLANG_WARN_DOCUMENTATION_COMMENTS = YES;
				CLANG_WARN_EMPTY_BODY = YES;
				CLANG_WARN_ENUM_CONVERSION = YES;
				CLANG_WARN_INFINITE_RECURSION = YES;
				CLANG_WARN_INT_CONVERSION = YES;
				CLANG_WARN_OBJC_ROOT_CLASS = YES_ERROR;
				CLANG_WARN_SUSPICIOUS_MOVES = YES;
				CLANG_WARN_UNREACHABLE_CODE = YES;
				CLANG_WARN__DUPLICATE_METHOD_MATCH = YES;
				"CODE_SIGN_IDENTITY[sdk=iphoneos*]" = "iPhone Developer";
				COPY_PHASE_STRIP = NO;
				DEBUG_INFORMATION_FORMAT = "dwarf-with-dsym";
				ENABLE_NS_ASSERTIONS = NO;
				ENABLE_STRICT_OBJC_MSGSEND = YES;
				GCC_C_LANGUAGE_STANDARD = gnu99;
				GCC_NO_COMMON_BLOCKS = YES;
				GCC_WARN_64_TO_32_BIT_CONVERSION = YES;
				GCC_WARN_ABOUT_RETURN_TYPE = YES_ERROR;
				GCC_WARN_UNDECLARED_SELECTOR = YES;
				GCC_WARN_UNINITIALIZED_AUTOS = YES_AGGRESSIVE;
				GCC_WARN_UNUSED_FUNCTION = YES;
				GCC_WARN_UNUSED_VARIABLE = YES;
				IPHONEOS_DEPLOYMENT_TARGET = 10.0;
				MTL_ENABLE_DEBUG_INFO = NO;
				SDKROOT = iphoneos;
				SWIFT_OPTIMIZATION_LEVEL = "-Owholemodule";
				VALIDATE_PRODUCT = YES;
			};
			name = Release;
		};
		05F217BD1DA1F3E4001C8AA0 /* Debug */ = {
			isa = XCBuildConfiguration;
			buildSettings = {
				ASSETCATALOG_COMPILER_APPICON_NAME = AppIcon;
				INFOPLIST_FILE = Hinds_Justin_CE2/Info.plist;
				LD_RUNPATH_SEARCH_PATHS = "$(inherited) @executable_path/Frameworks";
				PRODUCT_BUNDLE_IDENTIFIER = "com.arcane.Hinds-Justin-CE2";
				PRODUCT_NAME = "$(TARGET_NAME)";
				SWIFT_VERSION = 3.0;
			};
			name = Debug;
		};
		05F217BE1DA1F3E4001C8AA0 /* Release */ = {
			isa = XCBuildConfiguration;
			buildSettings = {
				ASSETCATALOG_COMPILER_APPICON_NAME = AppIcon;
				INFOPLIST_FILE = Hinds_Justin_CE2/Info.plist;
				LD_RUNPATH_SEARCH_PATHS = "$(inherited) @executable_path/Frameworks";
				PRODUCT_BUNDLE_IDENTIFIER = "com.arcane.Hinds-Justin-CE2";
				PRODUCT_NAME = "$(TARGET_NAME)";
				SWIFT_VERSION = 3.0;
			};
			name = Release;
		};
		05F217C01DA1F3E4001C8AA0 /* Debug */ = {
			isa = XCBuildConfiguration;
			buildSettings = {
				ALWAYS_EMBED_SWIFT_STANDARD_LIBRARIES = YES;
				BUNDLE_LOADER = "$(TEST_HOST)";
				INFOPLIST_FILE = Hinds_Justin_CE2Tests/Info.plist;
				LD_RUNPATH_SEARCH_PATHS = "$(inherited) @executable_path/Frameworks @loader_path/Frameworks";
				PRODUCT_BUNDLE_IDENTIFIER = "com.arcane.Hinds-Justin-CE2Tests";
				PRODUCT_NAME = "$(TARGET_NAME)";
				SWIFT_VERSION = 3.0;
				TEST_HOST = "$(BUILT_PRODUCTS_DIR)/Hinds_Justin_CE2.app/Hinds_Justin_CE2";
			};
			name = Debug;
		};
		05F217C11DA1F3E4001C8AA0 /* Release */ = {
			isa = XCBuildConfiguration;
			buildSettings = {
				ALWAYS_EMBED_SWIFT_STANDARD_LIBRARIES = YES;
				BUNDLE_LOADER = "$(TEST_HOST)";
				INFOPLIST_FILE = Hinds_Justin_CE2Tests/Info.plist;
				LD_RUNPATH_SEARCH_PATHS = "$(inherited) @executable_path/Frameworks @loader_path/Frameworks";
				PRODUCT_BUNDLE_IDENTIFIER = "com.arcane.Hinds-Justin-CE2Tests";
				PRODUCT_NAME = "$(TARGET_NAME)";
				SWIFT_VERSION = 3.0;
				TEST_HOST = "$(BUILT_PRODUCTS_DIR)/Hinds_Justin_CE2.app/Hinds_Justin_CE2";
			};
			name = Release;
		};
		05F217C31DA1F3E4001C8AA0 /* Debug */ = {
			isa = XCBuildConfiguration;
			buildSettings = {
				ALWAYS_EMBED_SWIFT_STANDARD_LIBRARIES = YES;
				INFOPLIST_FILE = Hinds_Justin_CE2UITests/Info.plist;
				LD_RUNPATH_SEARCH_PATHS = "$(inherited) @executable_path/Frameworks @loader_path/Frameworks";
				PRODUCT_BUNDLE_IDENTIFIER = "com.arcane.Hinds-Justin-CE2UITests";
				PRODUCT_NAME = "$(TARGET_NAME)";
				SWIFT_VERSION = 3.0;
				TEST_TARGET_NAME = Hinds_Justin_CE2;
			};
			name = Debug;
		};
		05F217C41DA1F3E4001C8AA0 /* Release */ = {
			isa = XCBuildConfiguration;
			buildSettings = {
				ALWAYS_EMBED_SWIFT_STANDARD_LIBRARIES = YES;
				INFOPLIST_FILE = Hinds_Justin_CE2UITests/Info.plist;
				LD_RUNPATH_SEARCH_PATHS = "$(inherited) @executable_path/Frameworks @loader_path/Frameworks";
				PRODUCT_BUNDLE_IDENTIFIER = "com.arcane.Hinds-Justin-CE2UITests";
				PRODUCT_NAME = "$(TARGET_NAME)";
				SWIFT_VERSION = 3.0;
				TEST_TARGET_NAME = Hinds_Justin_CE2;
			};
			name = Release;
		};
/* End XCBuildConfiguration section */

/* Begin XCConfigurationList section */
		05F2178C1DA1F3E3001C8AA0 /* Build configuration list for PBXProject "Hinds_Justin_CE2" */ = {
			isa = XCConfigurationList;
			buildConfigurations = (
				05F217BA1DA1F3E4001C8AA0 /* Debug */,
				05F217BB1DA1F3E4001C8AA0 /* Release */,
			);
			defaultConfigurationIsVisible = 0;
			defaultConfigurationName = Release;
		};
		05F217BC1DA1F3E4001C8AA0 /* Build configuration list for PBXNativeTarget "Hinds_Justin_CE2" */ = {
			isa = XCConfigurationList;
			buildConfigurations = (
				05F217BD1DA1F3E4001C8AA0 /* Debug */,
				05F217BE1DA1F3E4001C8AA0 /* Release */,
			);
			defaultConfigurationIsVisible = 0;
		};
		05F217BF1DA1F3E4001C8AA0 /* Build configuration list for PBXNativeTarget "Hinds_Justin_CE2Tests" */ = {
			isa = XCConfigurationList;
			buildConfigurations = (
				05F217C01DA1F3E4001C8AA0 /* Debug */,
				05F217C11DA1F3E4001C8AA0 /* Release */,
			);
			defaultConfigurationIsVisible = 0;
		};
		05F217C21DA1F3E4001C8AA0 /* Build configuration list for PBXNativeTarget "Hinds_Justin_CE2UITests" */ = {
			isa = XCConfigurationList;
			buildConfigurations = (
				05F217C31DA1F3E4001C8AA0 /* Debug */,
				05F217C41DA1F3E4001C8AA0 /* Release */,
			);
			defaultConfigurationIsVisible = 0;
		};
/* End XCConfigurationList section */

/* Begin XCVersionGroup section */
		05F2179B1DA1F3E3001C8AA0 /* Hinds_Justin_CE2.xcdatamodeld */ = {
			isa = XCVersionGroup;
			children = (
				05F2179C1DA1F3E3001C8AA0 /* Hinds_Justin_CE2.xcdatamodel */,
			);
			currentVersion = 05F2179C1DA1F3E3001C8AA0 /* Hinds_Justin_CE2.xcdatamodel */;
			path = Hinds_Justin_CE2.xcdatamodeld;
			sourceTree = "<group>";
			versionGroupType = wrapper.xcdatamodel;
		};
/* End XCVersionGroup section */
	};
	rootObject = 05F217891DA1F3E3001C8AA0 /* Project object */;
}
