// !$*UTF8*$!
{
	archiveVersion = 1;
	classes = {
	};
	objectVersion = 46;
	objects = {

/* Begin PBXBuildFile section */
		05302D201D5A907A00D1527D /* FeedViewController.swift in Sources */ = {isa = PBXBuildFile; fileRef = 05302D1F1D5A907A00D1527D /* FeedViewController.swift */; };
		05302D221D5C209E00D1527D /* NewsPost.swift in Sources */ = {isa = PBXBuildFile; fileRef = 05302D211D5C209E00D1527D /* NewsPost.swift */; };
		05302D241D5EA57F00D1527D /* StickUser.swift in Sources */ = {isa = PBXBuildFile; fileRef = 05302D231D5EA57F00D1527D /* StickUser.swift */; };
		05302D261D5ED62400D1527D /* LoginViewHandles.swift in Sources */ = {isa = PBXBuildFile; fileRef = 05302D251D5ED62400D1527D /* LoginViewHandles.swift */; };
		05302D281D61444C00D1527D /* PostView.swift in Sources */ = {isa = PBXBuildFile; fileRef = 05302D271D61444C00D1527D /* PostView.swift */; };
		05302D2A1D615A9C00D1527D /* Post.swift in Sources */ = {isa = PBXBuildFile; fileRef = 05302D291D615A9C00D1527D /* Post.swift */; };
		05302D2C1D6163C500D1527D /* PostCell.swift in Sources */ = {isa = PBXBuildFile; fileRef = 05302D2B1D6163C500D1527D /* PostCell.swift */; };
		05302D2E1D63D6E400D1527D /* ChatLog.swift in Sources */ = {isa = PBXBuildFile; fileRef = 05302D2D1D63D6E400D1527D /* ChatLog.swift */; };
		05302D301D63D6F000D1527D /* ChatView.swift in Sources */ = {isa = PBXBuildFile; fileRef = 05302D2F1D63D6F000D1527D /* ChatView.swift */; };
		05302D321D63D70A00D1527D /* NewMessageController.swift in Sources */ = {isa = PBXBuildFile; fileRef = 05302D311D63D70A00D1527D /* NewMessageController.swift */; };
		05302D351D63DFC900D1527D /* Message.swift in Sources */ = {isa = PBXBuildFile; fileRef = 05302D341D63DFC900D1527D /* Message.swift */; };
		05302D371D63E06000D1527D /* MessageCell.swift in Sources */ = {isa = PBXBuildFile; fileRef = 05302D361D63E06000D1527D /* MessageCell.swift */; };
		05302D3A1D641DB800D1527D /* WebViewController.swift in Sources */ = {isa = PBXBuildFile; fileRef = 05302D391D641DB800D1527D /* WebViewController.swift */; };
		05302D3D1D6FC76C00D1527D /* Settings.swift in Sources */ = {isa = PBXBuildFile; fileRef = 05302D3C1D6FC76C00D1527D /* Settings.swift */; };
		05302D3F1D6FFDAC00D1527D /* imageExtention.swift in Sources */ = {isa = PBXBuildFile; fileRef = 05302D3E1D6FFDAC00D1527D /* imageExtention.swift */; };
		05643FCD1D590E1E0014DD58 /* AppDelegate.swift in Sources */ = {isa = PBXBuildFile; fileRef = 05643FCC1D590E1E0014DD58 /* AppDelegate.swift */; };
		05643FCF1D590E1E0014DD58 /* LoginView.swift in Sources */ = {isa = PBXBuildFile; fileRef = 05643FCE1D590E1E0014DD58 /* LoginView.swift */; };
		05643FD21D590E1E0014DD58 /* Main.storyboard in Resources */ = {isa = PBXBuildFile; fileRef = 05643FD01D590E1E0014DD58 /* Main.storyboard */; };
		05643FD51D590E1E0014DD58 /* Hinds_Justin_Sticks.xcdatamodeld in Sources */ = {isa = PBXBuildFile; fileRef = 05643FD31D590E1E0014DD58 /* Hinds_Justin_Sticks.xcdatamodeld */; };
		05643FD71D590E1E0014DD58 /* Assets.xcassets in Resources */ = {isa = PBXBuildFile; fileRef = 05643FD61D590E1E0014DD58 /* Assets.xcassets */; };
		05643FDA1D590E1E0014DD58 /* LaunchScreen.storyboard in Resources */ = {isa = PBXBuildFile; fileRef = 05643FD81D590E1E0014DD58 /* LaunchScreen.storyboard */; };
		05643FE51D590E1E0014DD58 /* Hinds_Justin_SticksTests.swift in Sources */ = {isa = PBXBuildFile; fileRef = 05643FE41D590E1E0014DD58 /* Hinds_Justin_SticksTests.swift */; };
		05643FF01D590E1E0014DD58 /* Hinds_Justin_SticksUITests.swift in Sources */ = {isa = PBXBuildFile; fileRef = 05643FEF1D590E1E0014DD58 /* Hinds_Justin_SticksUITests.swift */; };
		05643FFE1D5913E80014DD58 /* GoogleService-Info.plist in Resources */ = {isa = PBXBuildFile; fileRef = 05643FFD1D5913E80014DD58 /* GoogleService-Info.plist */; };
		2A361BB458F25B9A00F9754F /* Pods_Hinds_Justin_SticksTests.framework in Frameworks */ = {isa = PBXBuildFile; fileRef = 861992ECA0A14DAD5C760F4B /* Pods_Hinds_Justin_SticksTests.framework */; };
		4C1168F193420F8CF16DC9F7 /* Pods_Hinds_Justin_SticksUITests.framework in Frameworks */ = {isa = PBXBuildFile; fileRef = 06A956C7CE59BAEB6D8321A7 /* Pods_Hinds_Justin_SticksUITests.framework */; };
		F33A5E1E34CF3486FA040C3A /* Pods_Hinds_Justin_Sticks.framework in Frameworks */ = {isa = PBXBuildFile; fileRef = 8475810E77B1BED142305B75 /* Pods_Hinds_Justin_Sticks.framework */; };
/* End PBXBuildFile section */

/* Begin PBXContainerItemProxy section */
		05643FE11D590E1E0014DD58 /* PBXContainerItemProxy */ = {
			isa = PBXContainerItemProxy;
			containerPortal = 05643FC11D590E1E0014DD58 /* Project object */;
			proxyType = 1;
			remoteGlobalIDString = 05643FC81D590E1E0014DD58;
			remoteInfo = Hinds_Justin_Sticks;
		};
		05643FEC1D590E1E0014DD58 /* PBXContainerItemProxy */ = {
			isa = PBXContainerItemProxy;
			containerPortal = 05643FC11D590E1E0014DD58 /* Project object */;
			proxyType = 1;
			remoteGlobalIDString = 05643FC81D590E1E0014DD58;
			remoteInfo = Hinds_Justin_Sticks;
		};
/* End PBXContainerItemProxy section */

/* Begin PBXFileReference section */
		05302D1F1D5A907A00D1527D /* FeedViewController.swift */ = {isa = PBXFileReference; fileEncoding = 4; lastKnownFileType = sourcecode.swift; path = FeedViewController.swift; sourceTree = "<group>"; };
		05302D211D5C209E00D1527D /* NewsPost.swift */ = {isa = PBXFileReference; fileEncoding = 4; lastKnownFileType = sourcecode.swift; path = NewsPost.swift; sourceTree = "<group>"; };
		05302D231D5EA57F00D1527D /* StickUser.swift */ = {isa = PBXFileReference; fileEncoding = 4; lastKnownFileType = sourcecode.swift; path = StickUser.swift; sourceTree = "<group>"; };
		05302D251D5ED62400D1527D /* LoginViewHandles.swift */ = {isa = PBXFileReference; fileEncoding = 4; lastKnownFileType = sourcecode.swift; path = LoginViewHandles.swift; sourceTree = "<group>"; };
		05302D271D61444C00D1527D /* PostView.swift */ = {isa = PBXFileReference; fileEncoding = 4; lastKnownFileType = sourcecode.swift; path = PostView.swift; sourceTree = "<group>"; };
		05302D291D615A9C00D1527D /* Post.swift */ = {isa = PBXFileReference; fileEncoding = 4; lastKnownFileType = sourcecode.swift; path = Post.swift; sourceTree = "<group>"; };
		05302D2B1D6163C500D1527D /* PostCell.swift */ = {isa = PBXFileReference; fileEncoding = 4; lastKnownFileType = sourcecode.swift; path = PostCell.swift; sourceTree = "<group>"; };
		05302D2D1D63D6E400D1527D /* ChatLog.swift */ = {isa = PBXFileReference; fileEncoding = 4; lastKnownFileType = sourcecode.swift; path = ChatLog.swift; sourceTree = "<group>"; };
		05302D2F1D63D6F000D1527D /* ChatView.swift */ = {isa = PBXFileReference; fileEncoding = 4; lastKnownFileType = sourcecode.swift; path = ChatView.swift; sourceTree = "<group>"; };
		05302D311D63D70A00D1527D /* NewMessageController.swift */ = {isa = PBXFileReference; fileEncoding = 4; lastKnownFileType = sourcecode.swift; path = NewMessageController.swift; sourceTree = "<group>"; };
		05302D341D63DFC900D1527D /* Message.swift */ = {isa = PBXFileReference; fileEncoding = 4; lastKnownFileType = sourcecode.swift; path = Message.swift; sourceTree = "<group>"; };
		05302D361D63E06000D1527D /* MessageCell.swift */ = {isa = PBXFileReference; fileEncoding = 4; lastKnownFileType = sourcecode.swift; path = MessageCell.swift; sourceTree = "<group>"; };
		05302D391D641DB800D1527D /* WebViewController.swift */ = {isa = PBXFileReference; fileEncoding = 4; lastKnownFileType = sourcecode.swift; path = WebViewController.swift; sourceTree = "<group>"; };
		05302D3C1D6FC76C00D1527D /* Settings.swift */ = {isa = PBXFileReference; fileEncoding = 4; lastKnownFileType = sourcecode.swift; path = Settings.swift; sourceTree = "<group>"; };
		05302D3E1D6FFDAC00D1527D /* imageExtention.swift */ = {isa = PBXFileReference; fileEncoding = 4; lastKnownFileType = sourcecode.swift; path = imageExtention.swift; sourceTree = "<group>"; };
		05643FC91D590E1E0014DD58 /* Hinds_Justin_Sticks.app */ = {isa = PBXFileReference; explicitFileType = wrapper.application; includeInIndex = 0; path = Hinds_Justin_Sticks.app; sourceTree = BUILT_PRODUCTS_DIR; };
		05643FCC1D590E1E0014DD58 /* AppDelegate.swift */ = {isa = PBXFileReference; lastKnownFileType = sourcecode.swift; path = AppDelegate.swift; sourceTree = "<group>"; };
		05643FCE1D590E1E0014DD58 /* LoginView.swift */ = {isa = PBXFileReference; lastKnownFileType = sourcecode.swift; path = LoginView.swift; sourceTree = "<group>"; };
		05643FD11D590E1E0014DD58 /* Base */ = {isa = PBXFileReference; lastKnownFileType = file.storyboard; name = Base; path = Base.lproj/Main.storyboard; sourceTree = "<group>"; };
		05643FD41D590E1E0014DD58 /* Hinds_Justin_Sticks.xcdatamodel */ = {isa = PBXFileReference; lastKnownFileType = wrapper.xcdatamodel; path = Hinds_Justin_Sticks.xcdatamodel; sourceTree = "<group>"; };
		05643FD61D590E1E0014DD58 /* Assets.xcassets */ = {isa = PBXFileReference; lastKnownFileType = folder.assetcatalog; path = Assets.xcassets; sourceTree = "<group>"; };
		05643FD91D590E1E0014DD58 /* Base */ = {isa = PBXFileReference; lastKnownFileType = file.storyboard; name = Base; path = Base.lproj/LaunchScreen.storyboard; sourceTree = "<group>"; };
		05643FDB1D590E1E0014DD58 /* Info.plist */ = {isa = PBXFileReference; lastKnownFileType = text.plist.xml; path = Info.plist; sourceTree = "<group>"; };
		05643FE01D590E1E0014DD58 /* Hinds_Justin_SticksTests.xctest */ = {isa = PBXFileReference; explicitFileType = wrapper.cfbundle; includeInIndex = 0; path = Hinds_Justin_SticksTests.xctest; sourceTree = BUILT_PRODUCTS_DIR; };
		05643FE41D590E1E0014DD58 /* Hinds_Justin_SticksTests.swift */ = {isa = PBXFileReference; lastKnownFileType = sourcecode.swift; path = Hinds_Justin_SticksTests.swift; sourceTree = "<group>"; };
		05643FE61D590E1E0014DD58 /* Info.plist */ = {isa = PBXFileReference; lastKnownFileType = text.plist.xml; path = Info.plist; sourceTree = "<group>"; };
		05643FEB1D590E1E0014DD58 /* Hinds_Justin_SticksUITests.xctest */ = {isa = PBXFileReference; explicitFileType = wrapper.cfbundle; includeInIndex = 0; path = Hinds_Justin_SticksUITests.xctest; sourceTree = BUILT_PRODUCTS_DIR; };
		05643FEF1D590E1E0014DD58 /* Hinds_Justin_SticksUITests.swift */ = {isa = PBXFileReference; lastKnownFileType = sourcecode.swift; path = Hinds_Justin_SticksUITests.swift; sourceTree = "<group>"; };
		05643FF11D590E1E0014DD58 /* Info.plist */ = {isa = PBXFileReference; lastKnownFileType = text.plist.xml; path = Info.plist; sourceTree = "<group>"; };
		05643FFD1D5913E80014DD58 /* GoogleService-Info.plist */ = {isa = PBXFileReference; fileEncoding = 4; lastKnownFileType = text.plist.xml; path = "GoogleService-Info.plist"; sourceTree = "<group>"; };
		06A956C7CE59BAEB6D8321A7 /* Pods_Hinds_Justin_SticksUITests.framework */ = {isa = PBXFileReference; explicitFileType = wrapper.framework; includeInIndex = 0; path = Pods_Hinds_Justin_SticksUITests.framework; sourceTree = BUILT_PRODUCTS_DIR; };
		129C3B8EEC54CDB25C11A4D6 /* Pods-Hinds_Justin_SticksTests.debug.xcconfig */ = {isa = PBXFileReference; includeInIndex = 1; lastKnownFileType = text.xcconfig; name = "Pods-Hinds_Justin_SticksTests.debug.xcconfig"; path = "Pods/Target Support Files/Pods-Hinds_Justin_SticksTests/Pods-Hinds_Justin_SticksTests.debug.xcconfig"; sourceTree = "<group>"; };
		181B7445425A42A389F3A0C5 /* Pods-Hinds_Justin_Sticks.debug.xcconfig */ = {isa = PBXFileReference; includeInIndex = 1; lastKnownFileType = text.xcconfig; name = "Pods-Hinds_Justin_Sticks.debug.xcconfig"; path = "Pods/Target Support Files/Pods-Hinds_Justin_Sticks/Pods-Hinds_Justin_Sticks.debug.xcconfig"; sourceTree = "<group>"; };
		3304CE86B269C53C03C8611A /* Pods-Hinds_Justin_SticksUITests.release.xcconfig */ = {isa = PBXFileReference; includeInIndex = 1; lastKnownFileType = text.xcconfig; name = "Pods-Hinds_Justin_SticksUITests.release.xcconfig"; path = "Pods/Target Support Files/Pods-Hinds_Justin_SticksUITests/Pods-Hinds_Justin_SticksUITests.release.xcconfig"; sourceTree = "<group>"; };
		47E0C9CB546C65379B1D72B1 /* Pods-Hinds_Justin_Sticks.release.xcconfig */ = {isa = PBXFileReference; includeInIndex = 1; lastKnownFileType = text.xcconfig; name = "Pods-Hinds_Justin_Sticks.release.xcconfig"; path = "Pods/Target Support Files/Pods-Hinds_Justin_Sticks/Pods-Hinds_Justin_Sticks.release.xcconfig"; sourceTree = "<group>"; };
		66FEF343EAE811B8BA87B3F5 /* Pods-Hinds_Justin_SticksUITests.debug.xcconfig */ = {isa = PBXFileReference; includeInIndex = 1; lastKnownFileType = text.xcconfig; name = "Pods-Hinds_Justin_SticksUITests.debug.xcconfig"; path = "Pods/Target Support Files/Pods-Hinds_Justin_SticksUITests/Pods-Hinds_Justin_SticksUITests.debug.xcconfig"; sourceTree = "<group>"; };
		7F7770BE748019A95D34EB03 /* Pods-Hinds_Justin_SticksTests.release.xcconfig */ = {isa = PBXFileReference; includeInIndex = 1; lastKnownFileType = text.xcconfig; name = "Pods-Hinds_Justin_SticksTests.release.xcconfig"; path = "Pods/Target Support Files/Pods-Hinds_Justin_SticksTests/Pods-Hinds_Justin_SticksTests.release.xcconfig"; sourceTree = "<group>"; };
		8475810E77B1BED142305B75 /* Pods_Hinds_Justin_Sticks.framework */ = {isa = PBXFileReference; explicitFileType = wrapper.framework; includeInIndex = 0; path = Pods_Hinds_Justin_Sticks.framework; sourceTree = BUILT_PRODUCTS_DIR; };
		861992ECA0A14DAD5C760F4B /* Pods_Hinds_Justin_SticksTests.framework */ = {isa = PBXFileReference; explicitFileType = wrapper.framework; includeInIndex = 0; path = Pods_Hinds_Justin_SticksTests.framework; sourceTree = BUILT_PRODUCTS_DIR; };
/* End PBXFileReference section */

/* Begin PBXFrameworksBuildPhase section */
		05643FC61D590E1E0014DD58 /* Frameworks */ = {
			isa = PBXFrameworksBuildPhase;
			buildActionMask = 2147483647;
			files = (
				F33A5E1E34CF3486FA040C3A /* Pods_Hinds_Justin_Sticks.framework in Frameworks */,
			);
			runOnlyForDeploymentPostprocessing = 0;
		};
		05643FDD1D590E1E0014DD58 /* Frameworks */ = {
			isa = PBXFrameworksBuildPhase;
			buildActionMask = 2147483647;
			files = (
				2A361BB458F25B9A00F9754F /* Pods_Hinds_Justin_SticksTests.framework in Frameworks */,
			);
			runOnlyForDeploymentPostprocessing = 0;
		};
		05643FE81D590E1E0014DD58 /* Frameworks */ = {
			isa = PBXFrameworksBuildPhase;
			buildActionMask = 2147483647;
			files = (
				4C1168F193420F8CF16DC9F7 /* Pods_Hinds_Justin_SticksUITests.framework in Frameworks */,
			);
			runOnlyForDeploymentPostprocessing = 0;
		};
/* End PBXFrameworksBuildPhase section */

/* Begin PBXGroup section */
		05302D331D63DAF600D1527D /* Chat */ = {
			isa = PBXGroup;
			children = (
				05302D2D1D63D6E400D1527D /* ChatLog.swift */,
				05302D361D63E06000D1527D /* MessageCell.swift */,
				05302D2F1D63D6F000D1527D /* ChatView.swift */,
				05302D311D63D70A00D1527D /* NewMessageController.swift */,
				05302D341D63DFC900D1527D /* Message.swift */,
			);
			name = Chat;
			sourceTree = "<group>";
		};
		05302D381D63FD9400D1527D /* Login */ = {
			isa = PBXGroup;
			children = (
				05302D251D5ED62400D1527D /* LoginViewHandles.swift */,
				05643FCE1D590E1E0014DD58 /* LoginView.swift */,
			);
			name = Login;
			sourceTree = "<group>";
		};
		05302D3B1D6F6DEF00D1527D /* Feed */ = {
			isa = PBXGroup;
			children = (
				05302D1F1D5A907A00D1527D /* FeedViewController.swift */,
				05302D3C1D6FC76C00D1527D /* Settings.swift */,
				05302D211D5C209E00D1527D /* NewsPost.swift */,
				05302D271D61444C00D1527D /* PostView.swift */,
				05302D2B1D6163C500D1527D /* PostCell.swift */,
				05302D391D641DB800D1527D /* WebViewController.swift */,
				05302D3E1D6FFDAC00D1527D /* imageExtention.swift */,
			);
			name = Feed;
			sourceTree = "<group>";
		};
		05643FC01D590E1E0014DD58 = {
			isa = PBXGroup;
			children = (
				05643FCB1D590E1E0014DD58 /* Hinds_Justin_Sticks */,
				05643FE31D590E1E0014DD58 /* Hinds_Justin_SticksTests */,
				05643FEE1D590E1E0014DD58 /* Hinds_Justin_SticksUITests */,
				05643FCA1D590E1E0014DD58 /* Products */,
				C57A4A3221BDA27A326B8C50 /* Pods */,
				43BC130F123E073BE3917B82 /* Frameworks */,
			);
			sourceTree = "<group>";
		};
		05643FCA1D590E1E0014DD58 /* Products */ = {
			isa = PBXGroup;
			children = (
				05643FC91D590E1E0014DD58 /* Hinds_Justin_Sticks.app */,
				05643FE01D590E1E0014DD58 /* Hinds_Justin_SticksTests.xctest */,
				05643FEB1D590E1E0014DD58 /* Hinds_Justin_SticksUITests.xctest */,
			);
			name = Products;
			sourceTree = "<group>";
		};
		05643FCB1D590E1E0014DD58 /* Hinds_Justin_Sticks */ = {
			isa = PBXGroup;
			children = (
				05643FCC1D590E1E0014DD58 /* AppDelegate.swift */,
				05302D291D615A9C00D1527D /* Post.swift */,
				05302D3B1D6F6DEF00D1527D /* Feed */,
				05302D381D63FD9400D1527D /* Login */,
				05302D331D63DAF600D1527D /* Chat */,
				05302D231D5EA57F00D1527D /* StickUser.swift */,
				05643FD01D590E1E0014DD58 /* Main.storyboard */,
				05643FD61D590E1E0014DD58 /* Assets.xcassets */,
				05643FD81D590E1E0014DD58 /* LaunchScreen.storyboard */,
				05643FDB1D590E1E0014DD58 /* Info.plist */,
				05643FFD1D5913E80014DD58 /* GoogleService-Info.plist */,
				05643FD31D590E1E0014DD58 /* Hinds_Justin_Sticks.xcdatamodeld */,
			);
			path = Hinds_Justin_Sticks;
			sourceTree = "<group>";
		};
		05643FE31D590E1E0014DD58 /* Hinds_Justin_SticksTests */ = {
			isa = PBXGroup;
			children = (
				05643FE41D590E1E0014DD58 /* Hinds_Justin_SticksTests.swift */,
				05643FE61D590E1E0014DD58 /* Info.plist */,
			);
			path = Hinds_Justin_SticksTests;
			sourceTree = "<group>";
		};
		05643FEE1D590E1E0014DD58 /* Hinds_Justin_SticksUITests */ = {
			isa = PBXGroup;
			children = (
				05643FEF1D590E1E0014DD58 /* Hinds_Justin_SticksUITests.swift */,
				05643FF11D590E1E0014DD58 /* Info.plist */,
			);
			path = Hinds_Justin_SticksUITests;
			sourceTree = "<group>";
		};
		43BC130F123E073BE3917B82 /* Frameworks */ = {
			isa = PBXGroup;
			children = (
				8475810E77B1BED142305B75 /* Pods_Hinds_Justin_Sticks.framework */,
				861992ECA0A14DAD5C760F4B /* Pods_Hinds_Justin_SticksTests.framework */,
				06A956C7CE59BAEB6D8321A7 /* Pods_Hinds_Justin_SticksUITests.framework */,
			);
			name = Frameworks;
			sourceTree = "<group>";
		};
		C57A4A3221BDA27A326B8C50 /* Pods */ = {
			isa = PBXGroup;
			children = (
				181B7445425A42A389F3A0C5 /* Pods-Hinds_Justin_Sticks.debug.xcconfig */,
				47E0C9CB546C65379B1D72B1 /* Pods-Hinds_Justin_Sticks.release.xcconfig */,
				129C3B8EEC54CDB25C11A4D6 /* Pods-Hinds_Justin_SticksTests.debug.xcconfig */,
				7F7770BE748019A95D34EB03 /* Pods-Hinds_Justin_SticksTests.release.xcconfig */,
				66FEF343EAE811B8BA87B3F5 /* Pods-Hinds_Justin_SticksUITests.debug.xcconfig */,
				3304CE86B269C53C03C8611A /* Pods-Hinds_Justin_SticksUITests.release.xcconfig */,
			);
			name = Pods;
			sourceTree = "<group>";
		};
/* End PBXGroup section */

/* Begin PBXNativeTarget section */
		05643FC81D590E1E0014DD58 /* Hinds_Justin_Sticks */ = {
			isa = PBXNativeTarget;
			buildConfigurationList = 05643FF41D590E1E0014DD58 /* Build configuration list for PBXNativeTarget "Hinds_Justin_Sticks" */;
			buildPhases = (
				BCCC924F8CD343E3C7A9BC06 /* 📦 Check Pods Manifest.lock */,
				05643FC51D590E1E0014DD58 /* Sources */,
				05643FC61D590E1E0014DD58 /* Frameworks */,
				05643FC71D590E1E0014DD58 /* Resources */,
				5C87A240EA7BF1BB298B7681 /* 📦 Embed Pods Frameworks */,
				538F08D6A6C84A598E6924A8 /* 📦 Copy Pods Resources */,
			);
			buildRules = (
			);
			dependencies = (
			);
			name = Hinds_Justin_Sticks;
			productName = Hinds_Justin_Sticks;
			productReference = 05643FC91D590E1E0014DD58 /* Hinds_Justin_Sticks.app */;
			productType = "com.apple.product-type.application";
		};
		05643FDF1D590E1E0014DD58 /* Hinds_Justin_SticksTests */ = {
			isa = PBXNativeTarget;
			buildConfigurationList = 05643FF71D590E1E0014DD58 /* Build configuration list for PBXNativeTarget "Hinds_Justin_SticksTests" */;
			buildPhases = (
				0144BE9FE22F7893606C493A /* 📦 Check Pods Manifest.lock */,
				05643FDC1D590E1E0014DD58 /* Sources */,
				05643FDD1D590E1E0014DD58 /* Frameworks */,
				05643FDE1D590E1E0014DD58 /* Resources */,
				C32B8DF5B50071158C7B2ED4 /* 📦 Embed Pods Frameworks */,
				E927F1B06674016E7F8C0C59 /* 📦 Copy Pods Resources */,
			);
			buildRules = (
			);
			dependencies = (
				05643FE21D590E1E0014DD58 /* PBXTargetDependency */,
			);
			name = Hinds_Justin_SticksTests;
			productName = Hinds_Justin_SticksTests;
			productReference = 05643FE01D590E1E0014DD58 /* Hinds_Justin_SticksTests.xctest */;
			productType = "com.apple.product-type.bundle.unit-test";
		};
		05643FEA1D590E1E0014DD58 /* Hinds_Justin_SticksUITests */ = {
			isa = PBXNativeTarget;
			buildConfigurationList = 05643FFA1D590E1E0014DD58 /* Build configuration list for PBXNativeTarget "Hinds_Justin_SticksUITests" */;
			buildPhases = (
				55C3354950971487A508A124 /* 📦 Check Pods Manifest.lock */,
				05643FE71D590E1E0014DD58 /* Sources */,
				05643FE81D590E1E0014DD58 /* Frameworks */,
				05643FE91D590E1E0014DD58 /* Resources */,
				970DF4E45A1C4B49AEFC83AB /* 📦 Copy Pods Resources */,
			);
			buildRules = (
			);
			dependencies = (
				05643FED1D590E1E0014DD58 /* PBXTargetDependency */,
			);
			name = Hinds_Justin_SticksUITests;
			productName = Hinds_Justin_SticksUITests;
			productReference = 05643FEB1D590E1E0014DD58 /* Hinds_Justin_SticksUITests.xctest */;
			productType = "com.apple.product-type.bundle.ui-testing";
		};
/* End PBXNativeTarget section */

/* Begin PBXProject section */
		05643FC11D590E1E0014DD58 /* Project object */ = {
			isa = PBXProject;
			attributes = {
				LastSwiftUpdateCheck = 0730;
				LastUpgradeCheck = 0810;
				ORGANIZATIONNAME = "Justin Hinds";
				TargetAttributes = {
					05643FC81D590E1E0014DD58 = {
						CreatedOnToolsVersion = 7.3.1;
						DevelopmentTeam = 632RN23THU;
						LastSwiftMigration = 0800;
					};
					05643FDF1D590E1E0014DD58 = {
						CreatedOnToolsVersion = 7.3.1;
						DevelopmentTeam = 632RN23THU;
						LastSwiftMigration = 0800;
						TestTargetID = 05643FC81D590E1E0014DD58;
					};
					05643FEA1D590E1E0014DD58 = {
						CreatedOnToolsVersion = 7.3.1;
						DevelopmentTeam = 632RN23THU;
						LastSwiftMigration = 0800;
						TestTargetID = 05643FC81D590E1E0014DD58;
					};
				};
			};
			buildConfigurationList = 05643FC41D590E1E0014DD58 /* Build configuration list for PBXProject "Hinds_Justin_Sticks" */;
			compatibilityVersion = "Xcode 3.2";
			developmentRegion = English;
			hasScannedForEncodings = 0;
			knownRegions = (
				en,
				Base,
			);
			mainGroup = 05643FC01D590E1E0014DD58;
			productRefGroup = 05643FCA1D590E1E0014DD58 /* Products */;
			projectDirPath = "";
			projectRoot = "";
			targets = (
				05643FC81D590E1E0014DD58 /* Hinds_Justin_Sticks */,
				05643FDF1D590E1E0014DD58 /* Hinds_Justin_SticksTests */,
				05643FEA1D590E1E0014DD58 /* Hinds_Justin_SticksUITests */,
			);
		};
/* End PBXProject section */

/* Begin PBXResourcesBuildPhase section */
		05643FC71D590E1E0014DD58 /* Resources */ = {
			isa = PBXResourcesBuildPhase;
			buildActionMask = 2147483647;
			files = (
				05643FFE1D5913E80014DD58 /* GoogleService-Info.plist in Resources */,
				05643FDA1D590E1E0014DD58 /* LaunchScreen.storyboard in Resources */,
				05643FD71D590E1E0014DD58 /* Assets.xcassets in Resources */,
				05643FD21D590E1E0014DD58 /* Main.storyboard in Resources */,
			);
			runOnlyForDeploymentPostprocessing = 0;
		};
		05643FDE1D590E1E0014DD58 /* Resources */ = {
			isa = PBXResourcesBuildPhase;
			buildActionMask = 2147483647;
			files = (
			);
			runOnlyForDeploymentPostprocessing = 0;
		};
		05643FE91D590E1E0014DD58 /* Resources */ = {
			isa = PBXResourcesBuildPhase;
			buildActionMask = 2147483647;
			files = (
			);
			runOnlyForDeploymentPostprocessing = 0;
		};
/* End PBXResourcesBuildPhase section */

/* Begin PBXShellScriptBuildPhase section */
		0144BE9FE22F7893606C493A /* 📦 Check Pods Manifest.lock */ = {
			isa = PBXShellScriptBuildPhase;
			buildActionMask = 2147483647;
			files = (
			);
			inputPaths = (
			);
			name = "📦 Check Pods Manifest.lock";
			outputPaths = (
			);
			runOnlyForDeploymentPostprocessing = 0;
			shellPath = /bin/sh;
			shellScript = "diff \"${PODS_ROOT}/../Podfile.lock\" \"${PODS_ROOT}/Manifest.lock\" > /dev/null\nif [[ $? != 0 ]] ; then\n    cat << EOM\nerror: The sandbox is not in sync with the Podfile.lock. Run 'pod install' or update your CocoaPods installation.\nEOM\n    exit 1\nfi\n";
			showEnvVarsInLog = 0;
		};
		538F08D6A6C84A598E6924A8 /* 📦 Copy Pods Resources */ = {
			isa = PBXShellScriptBuildPhase;
			buildActionMask = 2147483647;
			files = (
			);
			inputPaths = (
			);
			name = "📦 Copy Pods Resources";
			outputPaths = (
			);
			runOnlyForDeploymentPostprocessing = 0;
			shellPath = /bin/sh;
			shellScript = "\"${SRCROOT}/Pods/Target Support Files/Pods-Hinds_Justin_Sticks/Pods-Hinds_Justin_Sticks-resources.sh\"\n";
			showEnvVarsInLog = 0;
		};
		55C3354950971487A508A124 /* 📦 Check Pods Manifest.lock */ = {
			isa = PBXShellScriptBuildPhase;
			buildActionMask = 2147483647;
			files = (
			);
			inputPaths = (
			);
			name = "📦 Check Pods Manifest.lock";
			outputPaths = (
			);
			runOnlyForDeploymentPostprocessing = 0;
			shellPath = /bin/sh;
			shellScript = "diff \"${PODS_ROOT}/../Podfile.lock\" \"${PODS_ROOT}/Manifest.lock\" > /dev/null\nif [[ $? != 0 ]] ; then\n    cat << EOM\nerror: The sandbox is not in sync with the Podfile.lock. Run 'pod install' or update your CocoaPods installation.\nEOM\n    exit 1\nfi\n";
			showEnvVarsInLog = 0;
		};
		5C87A240EA7BF1BB298B7681 /* 📦 Embed Pods Frameworks */ = {
			isa = PBXShellScriptBuildPhase;
			buildActionMask = 2147483647;
			files = (
			);
			inputPaths = (
			);
			name = "📦 Embed Pods Frameworks";
			outputPaths = (
			);
			runOnlyForDeploymentPostprocessing = 0;
			shellPath = /bin/sh;
			shellScript = "\"${SRCROOT}/Pods/Target Support Files/Pods-Hinds_Justin_Sticks/Pods-Hinds_Justin_Sticks-frameworks.sh\"\n";
			showEnvVarsInLog = 0;
		};
		970DF4E45A1C4B49AEFC83AB /* 📦 Copy Pods Resources */ = {
			isa = PBXShellScriptBuildPhase;
			buildActionMask = 2147483647;
			files = (
			);
			inputPaths = (
			);
			name = "📦 Copy Pods Resources";
			outputPaths = (
			);
			runOnlyForDeploymentPostprocessing = 0;
			shellPath = /bin/sh;
			shellScript = "\"${SRCROOT}/Pods/Target Support Files/Pods-Hinds_Justin_SticksUITests/Pods-Hinds_Justin_SticksUITests-resources.sh\"\n";
			showEnvVarsInLog = 0;
		};
		BCCC924F8CD343E3C7A9BC06 /* 📦 Check Pods Manifest.lock */ = {
			isa = PBXShellScriptBuildPhase;
			buildActionMask = 2147483647;
			files = (
			);
			inputPaths = (
			);
			name = "📦 Check Pods Manifest.lock";
			outputPaths = (
			);
			runOnlyForDeploymentPostprocessing = 0;
			shellPath = /bin/sh;
			shellScript = "diff \"${PODS_ROOT}/../Podfile.lock\" \"${PODS_ROOT}/Manifest.lock\" > /dev/null\nif [[ $? != 0 ]] ; then\n    cat << EOM\nerror: The sandbox is not in sync with the Podfile.lock. Run 'pod install' or update your CocoaPods installation.\nEOM\n    exit 1\nfi\n";
			showEnvVarsInLog = 0;
		};
		C32B8DF5B50071158C7B2ED4 /* 📦 Embed Pods Frameworks */ = {
			isa = PBXShellScriptBuildPhase;
			buildActionMask = 2147483647;
			files = (
			);
			inputPaths = (
			);
			name = "📦 Embed Pods Frameworks";
			outputPaths = (
			);
			runOnlyForDeploymentPostprocessing = 0;
			shellPath = /bin/sh;
			shellScript = "\"${SRCROOT}/Pods/Target Support Files/Pods-Hinds_Justin_SticksTests/Pods-Hinds_Justin_SticksTests-frameworks.sh\"\n";
			showEnvVarsInLog = 0;
		};
		E927F1B06674016E7F8C0C59 /* 📦 Copy Pods Resources */ = {
			isa = PBXShellScriptBuildPhase;
			buildActionMask = 2147483647;
			files = (
			);
			inputPaths = (
			);
			name = "📦 Copy Pods Resources";
			outputPaths = (
			);
			runOnlyForDeploymentPostprocessing = 0;
			shellPath = /bin/sh;
			shellScript = "\"${SRCROOT}/Pods/Target Support Files/Pods-Hinds_Justin_SticksTests/Pods-Hinds_Justin_SticksTests-resources.sh\"\n";
			showEnvVarsInLog = 0;
		};
/* End PBXShellScriptBuildPhase section */

/* Begin PBXSourcesBuildPhase section */
		05643FC51D590E1E0014DD58 /* Sources */ = {
			isa = PBXSourcesBuildPhase;
			buildActionMask = 2147483647;
			files = (
				05302D2E1D63D6E400D1527D /* ChatLog.swift in Sources */,
				05643FD51D590E1E0014DD58 /* Hinds_Justin_Sticks.xcdatamodeld in Sources */,
				05302D241D5EA57F00D1527D /* StickUser.swift in Sources */,
				05302D3D1D6FC76C00D1527D /* Settings.swift in Sources */,
				05302D281D61444C00D1527D /* PostView.swift in Sources */,
				05302D301D63D6F000D1527D /* ChatView.swift in Sources */,
				05302D3F1D6FFDAC00D1527D /* imageExtention.swift in Sources */,
				05302D221D5C209E00D1527D /* NewsPost.swift in Sources */,
				05643FCF1D590E1E0014DD58 /* LoginView.swift in Sources */,
				05302D261D5ED62400D1527D /* LoginViewHandles.swift in Sources */,
				05302D2A1D615A9C00D1527D /* Post.swift in Sources */,
				05302D201D5A907A00D1527D /* FeedViewController.swift in Sources */,
				05643FCD1D590E1E0014DD58 /* AppDelegate.swift in Sources */,
				05302D371D63E06000D1527D /* MessageCell.swift in Sources */,
				05302D2C1D6163C500D1527D /* PostCell.swift in Sources */,
				05302D321D63D70A00D1527D /* NewMessageController.swift in Sources */,
				05302D351D63DFC900D1527D /* Message.swift in Sources */,
				05302D3A1D641DB800D1527D /* WebViewController.swift in Sources */,
			);
			runOnlyForDeploymentPostprocessing = 0;
		};
		05643FDC1D590E1E0014DD58 /* Sources */ = {
			isa = PBXSourcesBuildPhase;
			buildActionMask = 2147483647;
			files = (
				05643FE51D590E1E0014DD58 /* Hinds_Justin_SticksTests.swift in Sources */,
			);
			runOnlyForDeploymentPostprocessing = 0;
		};
		05643FE71D590E1E0014DD58 /* Sources */ = {
			isa = PBXSourcesBuildPhase;
			buildActionMask = 2147483647;
			files = (
				05643FF01D590E1E0014DD58 /* Hinds_Justin_SticksUITests.swift in Sources */,
			);
			runOnlyForDeploymentPostprocessing = 0;
		};
/* End PBXSourcesBuildPhase section */

/* Begin PBXTargetDependency section */
		05643FE21D590E1E0014DD58 /* PBXTargetDependency */ = {
			isa = PBXTargetDependency;
			target = 05643FC81D590E1E0014DD58 /* Hinds_Justin_Sticks */;
			targetProxy = 05643FE11D590E1E0014DD58 /* PBXContainerItemProxy */;
		};
		05643FED1D590E1E0014DD58 /* PBXTargetDependency */ = {
			isa = PBXTargetDependency;
			target = 05643FC81D590E1E0014DD58 /* Hinds_Justin_Sticks */;
			targetProxy = 05643FEC1D590E1E0014DD58 /* PBXContainerItemProxy */;
		};
/* End PBXTargetDependency section */

/* Begin PBXVariantGroup section */
		05643FD01D590E1E0014DD58 /* Main.storyboard */ = {
			isa = PBXVariantGroup;
			children = (
				05643FD11D590E1E0014DD58 /* Base */,
			);
			name = Main.storyboard;
			sourceTree = "<group>";
		};
		05643FD81D590E1E0014DD58 /* LaunchScreen.storyboard */ = {
			isa = PBXVariantGroup;
			children = (
				05643FD91D590E1E0014DD58 /* Base */,
			);
			name = LaunchScreen.storyboard;
			sourceTree = "<group>";
		};
/* End PBXVariantGroup section */

/* Begin XCBuildConfiguration section */
		05643FF21D590E1E0014DD58 /* Debug */ = {
			isa = XCBuildConfiguration;
			buildSettings = {
				ALWAYS_SEARCH_USER_PATHS = NO;
				CLANG_ANALYZER_NONNULL = YES;
				CLANG_CXX_LANGUAGE_STANDARD = "gnu++0x";
				CLANG_CXX_LIBRARY = "libc++";
				CLANG_ENABLE_MODULES = YES;
				CLANG_ENABLE_OBJC_ARC = YES;
				CLANG_WARN_BOOL_CONVERSION = YES;
				CLANG_WARN_CONSTANT_CONVERSION = YES;
				CLANG_WARN_DIRECT_OBJC_ISA_USAGE = YES_ERROR;
				CLANG_WARN_EMPTY_BODY = YES;
				CLANG_WARN_ENUM_CONVERSION = YES;
				CLANG_WARN_INFINITE_RECURSION = YES;
				CLANG_WARN_INT_CONVERSION = YES;
				CLANG_WARN_OBJC_ROOT_CLASS = YES_ERROR;
				CLANG_WARN_SUSPICIOUS_MOVE = YES;
				CLANG_WARN_UNREACHABLE_CODE = YES;
				CLANG_WARN__DUPLICATE_METHOD_MATCH = YES;
				"CODE_SIGN_IDENTITY[sdk=iphoneos*]" = "iPhone Developer";
				COPY_PHASE_STRIP = NO;
				DEBUG_INFORMATION_FORMAT = dwarf;
				ENABLE_STRICT_OBJC_MSGSEND = YES;
				ENABLE_TESTABILITY = YES;
				GCC_C_LANGUAGE_STANDARD = gnu99;
				GCC_DYNAMIC_NO_PIC = NO;
				GCC_NO_COMMON_BLOCKS = YES;
				GCC_OPTIMIZATION_LEVEL = 0;
				GCC_PREPROCESSOR_DEFINITIONS = (
					"DEBUG=1",
					"$(inherited)",
				);
				GCC_WARN_64_TO_32_BIT_CONVERSION = YES;
				GCC_WARN_ABOUT_RETURN_TYPE = YES_ERROR;
				GCC_WARN_UNDECLARED_SELECTOR = YES;
				GCC_WARN_UNINITIALIZED_AUTOS = YES_AGGRESSIVE;
				GCC_WARN_UNUSED_FUNCTION = YES;
				GCC_WARN_UNUSED_VARIABLE = YES;
				IPHONEOS_DEPLOYMENT_TARGET = 9.3;
				MTL_ENABLE_DEBUG_INFO = YES;
				ONLY_ACTIVE_ARCH = YES;
				SDKROOT = iphoneos;
				SWIFT_OPTIMIZATION_LEVEL = "-Onone";
			};
			name = Debug;
		};
		05643FF31D590E1E0014DD58 /* Release */ = {
			isa = XCBuildConfiguration;
			buildSettings = {
				ALWAYS_SEARCH_USER_PATHS = NO;
				CLANG_ANALYZER_NONNULL = YES;
				CLANG_CXX_LANGUAGE_STANDARD = "gnu++0x";
				CLANG_CXX_LIBRARY = "libc++";
				CLANG_ENABLE_MODULES = YES;
				CLANG_ENABLE_OBJC_ARC = YES;
				CLANG_WARN_BOOL_CONVERSION = YES;
				CLANG_WARN_CONSTANT_CONVERSION = YES;
				CLANG_WARN_DIRECT_OBJC_ISA_USAGE = YES_ERROR;
				CLANG_WARN_EMPTY_BODY = YES;
				CLANG_WARN_ENUM_CONVERSION = YES;
				CLANG_WARN_INFINITE_RECURSION = YES;
				CLANG_WARN_INT_CONVERSION = YES;
				CLANG_WARN_OBJC_ROOT_CLASS = YES_ERROR;
				CLANG_WARN_SUSPICIOUS_MOVE = YES;
				CLANG_WARN_UNREACHABLE_CODE = YES;
				CLANG_WARN__DUPLICATE_METHOD_MATCH = YES;
				"CODE_SIGN_IDENTITY[sdk=iphoneos*]" = "iPhone Developer";
				COPY_PHASE_STRIP = NO;
				DEBUG_INFORMATION_FORMAT = "dwarf-with-dsym";
				ENABLE_NS_ASSERTIONS = NO;
				ENABLE_STRICT_OBJC_MSGSEND = YES;
				GCC_C_LANGUAGE_STANDARD = gnu99;
				GCC_NO_COMMON_BLOCKS = YES;
				GCC_WARN_64_TO_32_BIT_CONVERSION = YES;
				GCC_WARN_ABOUT_RETURN_TYPE = YES_ERROR;
				GCC_WARN_UNDECLARED_SELECTOR = YES;
				GCC_WARN_UNINITIALIZED_AUTOS = YES_AGGRESSIVE;
				GCC_WARN_UNUSED_FUNCTION = YES;
				GCC_WARN_UNUSED_VARIABLE = YES;
				IPHONEOS_DEPLOYMENT_TARGET = 9.3;
				MTL_ENABLE_DEBUG_INFO = NO;
				SDKROOT = iphoneos;
				SWIFT_OPTIMIZATION_LEVEL = "-Owholemodule";
				VALIDATE_PRODUCT = YES;
			};
			name = Release;
		};
		05643FF51D590E1E0014DD58 /* Debug */ = {
			isa = XCBuildConfiguration;
			baseConfigurationReference = 181B7445425A42A389F3A0C5 /* Pods-Hinds_Justin_Sticks.debug.xcconfig */;
			buildSettings = {
				ASSETCATALOG_COMPILER_APPICON_NAME = AppIcon;
				INFOPLIST_FILE = Hinds_Justin_Sticks/Info.plist;
				LD_RUNPATH_SEARCH_PATHS = "$(inherited) @executable_path/Frameworks";
				PRODUCT_BUNDLE_IDENTIFIER = "com.arcane.Hinds-Justin-Sticks";
				PRODUCT_NAME = "$(TARGET_NAME)";
				SWIFT_VERSION = 3.0;
			};
			name = Debug;
		};
		05643FF61D590E1E0014DD58 /* Release */ = {
			isa = XCBuildConfiguration;
			baseConfigurationReference = 47E0C9CB546C65379B1D72B1 /* Pods-Hinds_Justin_Sticks.release.xcconfig */;
			buildSettings = {
				ASSETCATALOG_COMPILER_APPICON_NAME = AppIcon;
				INFOPLIST_FILE = Hinds_Justin_Sticks/Info.plist;
				LD_RUNPATH_SEARCH_PATHS = "$(inherited) @executable_path/Frameworks";
				PRODUCT_BUNDLE_IDENTIFIER = "com.arcane.Hinds-Justin-Sticks";
				PRODUCT_NAME = "$(TARGET_NAME)";
				SWIFT_VERSION = 3.0;
			};
			name = Release;
		};
		05643FF81D590E1E0014DD58 /* Debug */ = {
			isa = XCBuildConfiguration;
			baseConfigurationReference = 129C3B8EEC54CDB25C11A4D6 /* Pods-Hinds_Justin_SticksTests.debug.xcconfig */;
			buildSettings = {
				BUNDLE_LOADER = "$(TEST_HOST)";
				INFOPLIST_FILE = Hinds_Justin_SticksTests/Info.plist;
				LD_RUNPATH_SEARCH_PATHS = "$(inherited) @executable_path/Frameworks @loader_path/Frameworks";
				PRODUCT_BUNDLE_IDENTIFIER = "com.arcane.Hinds-Justin-SticksTests";
				PRODUCT_NAME = "$(TARGET_NAME)";
				SWIFT_VERSION = 3.0;
				TEST_HOST = "$(BUILT_PRODUCTS_DIR)/Hinds_Justin_Sticks.app/Hinds_Justin_Sticks";
			};
			name = Debug;
		};
		05643FF91D590E1E0014DD58 /* Release */ = {
			isa = XCBuildConfiguration;
			baseConfigurationReference = 7F7770BE748019A95D34EB03 /* Pods-Hinds_Justin_SticksTests.release.xcconfig */;
			buildSettings = {
				BUNDLE_LOADER = "$(TEST_HOST)";
				INFOPLIST_FILE = Hinds_Justin_SticksTests/Info.plist;
				LD_RUNPATH_SEARCH_PATHS = "$(inherited) @executable_path/Frameworks @loader_path/Frameworks";
				PRODUCT_BUNDLE_IDENTIFIER = "com.arcane.Hinds-Justin-SticksTests";
				PRODUCT_NAME = "$(TARGET_NAME)";
				SWIFT_VERSION = 3.0;
				TEST_HOST = "$(BUILT_PRODUCTS_DIR)/Hinds_Justin_Sticks.app/Hinds_Justin_Sticks";
			};
			name = Release;
		};
		05643FFB1D590E1E0014DD58 /* Debug */ = {
			isa = XCBuildConfiguration;
			baseConfigurationReference = 66FEF343EAE811B8BA87B3F5 /* Pods-Hinds_Justin_SticksUITests.debug.xcconfig */;
			buildSettings = {
				INFOPLIST_FILE = Hinds_Justin_SticksUITests/Info.plist;
				LD_RUNPATH_SEARCH_PATHS = "$(inherited) @executable_path/Frameworks @loader_path/Frameworks";
				PRODUCT_BUNDLE_IDENTIFIER = "com.arcane.Hinds-Justin-SticksUITests";
				PRODUCT_NAME = "$(TARGET_NAME)";
				SWIFT_VERSION = 3.0;
				TEST_TARGET_NAME = Hinds_Justin_Sticks;
			};
			name = Debug;
		};
		05643FFC1D590E1E0014DD58 /* Release */ = {
			isa = XCBuildConfiguration;
			baseConfigurationReference = 3304CE86B269C53C03C8611A /* Pods-Hinds_Justin_SticksUITests.release.xcconfig */;
			buildSettings = {
				INFOPLIST_FILE = Hinds_Justin_SticksUITests/Info.plist;
				LD_RUNPATH_SEARCH_PATHS = "$(inherited) @executable_path/Frameworks @loader_path/Frameworks";
				PRODUCT_BUNDLE_IDENTIFIER = "com.arcane.Hinds-Justin-SticksUITests";
				PRODUCT_NAME = "$(TARGET_NAME)";
				SWIFT_VERSION = 3.0;
				TEST_TARGET_NAME = Hinds_Justin_Sticks;
			};
			name = Release;
		};
/* End XCBuildConfiguration section */

/* Begin XCConfigurationList section */
		05643FC41D590E1E0014DD58 /* Build configuration list for PBXProject "Hinds_Justin_Sticks" */ = {
			isa = XCConfigurationList;
			buildConfigurations = (
				05643FF21D590E1E0014DD58 /* Debug */,
				05643FF31D590E1E0014DD58 /* Release */,
			);
			defaultConfigurationIsVisible = 0;
			defaultConfigurationName = Release;
		};
		05643FF41D590E1E0014DD58 /* Build configuration list for PBXNativeTarget "Hinds_Justin_Sticks" */ = {
			isa = XCConfigurationList;
			buildConfigurations = (
				05643FF51D590E1E0014DD58 /* Debug */,
				05643FF61D590E1E0014DD58 /* Release */,
			);
			defaultConfigurationIsVisible = 0;
			defaultConfigurationName = Release;
		};
		05643FF71D590E1E0014DD58 /* Build configuration list for PBXNativeTarget "Hinds_Justin_SticksTests" */ = {
			isa = XCConfigurationList;
			buildConfigurations = (
				05643FF81D590E1E0014DD58 /* Debug */,
				05643FF91D590E1E0014DD58 /* Release */,
			);
			defaultConfigurationIsVisible = 0;
			defaultConfigurationName = Release;
		};
		05643FFA1D590E1E0014DD58 /* Build configuration list for PBXNativeTarget "Hinds_Justin_SticksUITests" */ = {
			isa = XCConfigurationList;
			buildConfigurations = (
				05643FFB1D590E1E0014DD58 /* Debug */,
				05643FFC1D590E1E0014DD58 /* Release */,
			);
			defaultConfigurationIsVisible = 0;
			defaultConfigurationName = Release;
		};
/* End XCConfigurationList section */

/* Begin XCVersionGroup section */
		05643FD31D590E1E0014DD58 /* Hinds_Justin_Sticks.xcdatamodeld */ = {
			isa = XCVersionGroup;
			children = (
				05643FD41D590E1E0014DD58 /* Hinds_Justin_Sticks.xcdatamodel */,
			);
			currentVersion = 05643FD41D590E1E0014DD58 /* Hinds_Justin_Sticks.xcdatamodel */;
			path = Hinds_Justin_Sticks.xcdatamodeld;
			sourceTree = "<group>";
			versionGroupType = wrapper.xcdatamodel;
		};
/* End XCVersionGroup section */
	};
	rootObject = 05643FC11D590E1E0014DD58 /* Project object */;
}
