// !$*UTF8*$!
{
	archiveVersion = 1;
	classes = {
	};
	objectVersion = 46;
	objects = {

/* Begin PBXBuildFile section */
		054812731D4029A2003285C1 /* CustomCell.swift in Sources */ = {isa = PBXBuildFile; fileRef = 054812721D4029A2003285C1 /* CustomCell.swift */; };
		054812761D408EB1003285C1 /* CharacterSelect.swift in Sources */ = {isa = PBXBuildFile; fileRef = 054812751D408EB1003285C1 /* CharacterSelect.swift */; };
		0548127A1D416DC5003285C1 /* ChatView.swift in Sources */ = {isa = PBXBuildFile; fileRef = 054812791D416DC5003285C1 /* ChatView.swift */; };
		05853EC31D245E5800FBD9B6 /* AppDelegate.swift in Sources */ = {isa = PBXBuildFile; fileRef = 05853EC21D245E5800FBD9B6 /* AppDelegate.swift */; };
		05853EC51D245E5800FBD9B6 /* DestinyViewController.swift in Sources */ = {isa = PBXBuildFile; fileRef = 05853EC41D245E5800FBD9B6 /* DestinyViewController.swift */; };
		05853EC81D245E5800FBD9B6 /* Main.storyboard in Resources */ = {isa = PBXBuildFile; fileRef = 05853EC61D245E5800FBD9B6 /* Main.storyboard */; };
		05853ECB1D245E5800FBD9B6 /* Hinds_Justin_DestinyApp.xcdatamodeld in Sources */ = {isa = PBXBuildFile; fileRef = 05853EC91D245E5800FBD9B6 /* Hinds_Justin_DestinyApp.xcdatamodeld */; };
		05853ECD1D245E5800FBD9B6 /* Assets.xcassets in Resources */ = {isa = PBXBuildFile; fileRef = 05853ECC1D245E5800FBD9B6 /* Assets.xcassets */; };
		05853ED01D245E5800FBD9B6 /* LaunchScreen.storyboard in Resources */ = {isa = PBXBuildFile; fileRef = 05853ECE1D245E5800FBD9B6 /* LaunchScreen.storyboard */; };
		05853EDB1D245E5800FBD9B6 /* Hinds_Justin_DestinyAppTests.swift in Sources */ = {isa = PBXBuildFile; fileRef = 05853EDA1D245E5800FBD9B6 /* Hinds_Justin_DestinyAppTests.swift */; };
		05853EE61D245E5800FBD9B6 /* Hinds_Justin_DestinyAppUITests.swift in Sources */ = {isa = PBXBuildFile; fileRef = 05853EE51D245E5800FBD9B6 /* Hinds_Justin_DestinyAppUITests.swift */; };
		05913E101D3466F4002D477B /* DestinyInfo.swift in Sources */ = {isa = PBXBuildFile; fileRef = 05913E0F1D3466F4002D477B /* DestinyInfo.swift */; };
		05913E121D370694002D477B /* DestinyCharacter.swift in Sources */ = {isa = PBXBuildFile; fileRef = 05913E111D370694002D477B /* DestinyCharacter.swift */; };
		05913E141D3768E6002D477B /* LoginView.swift in Sources */ = {isa = PBXBuildFile; fileRef = 05913E131D3768E6002D477B /* LoginView.swift */; };
		05913E161D39E7B8002D477B /* GoogleService-Info.plist in Resources */ = {isa = PBXBuildFile; fileRef = 05913E151D39E7B8002D477B /* GoogleService-Info.plist */; };
		31A81C98D52F32EE078F5176 /* Pods_Hinds_Justin_DestinyAppUITests.framework in Frameworks */ = {isa = PBXBuildFile; fileRef = F3BD7328DED1C2FA0F06F265 /* Pods_Hinds_Justin_DestinyAppUITests.framework */; };
		62A03F5F61D6AF4C7FEB2C23 /* Pods_Hinds_Justin_DestinyAppTests.framework in Frameworks */ = {isa = PBXBuildFile; fileRef = 97110320CB06361FE2DEDC53 /* Pods_Hinds_Justin_DestinyAppTests.framework */; };
		76BE6391E612C75CFC176404 /* Pods_Hinds_Justin_DestinyApp.framework in Frameworks */ = {isa = PBXBuildFile; fileRef = 4C72DB46E3875EE1A2CAD7ED /* Pods_Hinds_Justin_DestinyApp.framework */; };
/* End PBXBuildFile section */

/* Begin PBXContainerItemProxy section */
		05853ED71D245E5800FBD9B6 /* PBXContainerItemProxy */ = {
			isa = PBXContainerItemProxy;
			containerPortal = 05853EB71D245E5700FBD9B6 /* Project object */;
			proxyType = 1;
			remoteGlobalIDString = 05853EBE1D245E5700FBD9B6;
			remoteInfo = Hinds_Justin_DestinyApp;
		};
		05853EE21D245E5800FBD9B6 /* PBXContainerItemProxy */ = {
			isa = PBXContainerItemProxy;
			containerPortal = 05853EB71D245E5700FBD9B6 /* Project object */;
			proxyType = 1;
			remoteGlobalIDString = 05853EBE1D245E5700FBD9B6;
			remoteInfo = Hinds_Justin_DestinyApp;
		};
/* End PBXContainerItemProxy section */

/* Begin PBXFileReference section */
		054812721D4029A2003285C1 /* CustomCell.swift */ = {isa = PBXFileReference; fileEncoding = 4; lastKnownFileType = sourcecode.swift; path = CustomCell.swift; sourceTree = "<group>"; };
		054812751D408EB1003285C1 /* CharacterSelect.swift */ = {isa = PBXFileReference; fileEncoding = 4; lastKnownFileType = sourcecode.swift; path = CharacterSelect.swift; sourceTree = "<group>"; };
		054812791D416DC5003285C1 /* ChatView.swift */ = {isa = PBXFileReference; fileEncoding = 4; lastKnownFileType = sourcecode.swift; path = ChatView.swift; sourceTree = "<group>"; };
		05853EBF1D245E5800FBD9B6 /* Hinds_Justin_DestinyApp.app */ = {isa = PBXFileReference; explicitFileType = wrapper.application; includeInIndex = 0; path = Hinds_Justin_DestinyApp.app; sourceTree = BUILT_PRODUCTS_DIR; };
		05853EC21D245E5800FBD9B6 /* AppDelegate.swift */ = {isa = PBXFileReference; lastKnownFileType = sourcecode.swift; path = AppDelegate.swift; sourceTree = "<group>"; };
		05853EC41D245E5800FBD9B6 /* DestinyViewController.swift */ = {isa = PBXFileReference; lastKnownFileType = sourcecode.swift; path = DestinyViewController.swift; sourceTree = "<group>"; };
		05853EC71D245E5800FBD9B6 /* Base */ = {isa = PBXFileReference; lastKnownFileType = file.storyboard; name = Base; path = Base.lproj/Main.storyboard; sourceTree = "<group>"; };
		05853ECA1D245E5800FBD9B6 /* Hinds_Justin_DestinyApp.xcdatamodel */ = {isa = PBXFileReference; lastKnownFileType = wrapper.xcdatamodel; path = Hinds_Justin_DestinyApp.xcdatamodel; sourceTree = "<group>"; };
		05853ECC1D245E5800FBD9B6 /* Assets.xcassets */ = {isa = PBXFileReference; lastKnownFileType = folder.assetcatalog; path = Assets.xcassets; sourceTree = "<group>"; };
		05853ECF1D245E5800FBD9B6 /* Base */ = {isa = PBXFileReference; lastKnownFileType = file.storyboard; name = Base; path = Base.lproj/LaunchScreen.storyboard; sourceTree = "<group>"; };
		05853ED11D245E5800FBD9B6 /* Info.plist */ = {isa = PBXFileReference; lastKnownFileType = text.plist.xml; path = Info.plist; sourceTree = "<group>"; };
		05853ED61D245E5800FBD9B6 /* Hinds_Justin_DestinyAppTests.xctest */ = {isa = PBXFileReference; explicitFileType = wrapper.cfbundle; includeInIndex = 0; path = Hinds_Justin_DestinyAppTests.xctest; sourceTree = BUILT_PRODUCTS_DIR; };
		05853EDA1D245E5800FBD9B6 /* Hinds_Justin_DestinyAppTests.swift */ = {isa = PBXFileReference; lastKnownFileType = sourcecode.swift; path = Hinds_Justin_DestinyAppTests.swift; sourceTree = "<group>"; };
		05853EDC1D245E5800FBD9B6 /* Info.plist */ = {isa = PBXFileReference; lastKnownFileType = text.plist.xml; path = Info.plist; sourceTree = "<group>"; };
		05853EE11D245E5800FBD9B6 /* Hinds_Justin_DestinyAppUITests.xctest */ = {isa = PBXFileReference; explicitFileType = wrapper.cfbundle; includeInIndex = 0; path = Hinds_Justin_DestinyAppUITests.xctest; sourceTree = BUILT_PRODUCTS_DIR; };
		05853EE51D245E5800FBD9B6 /* Hinds_Justin_DestinyAppUITests.swift */ = {isa = PBXFileReference; lastKnownFileType = sourcecode.swift; path = Hinds_Justin_DestinyAppUITests.swift; sourceTree = "<group>"; };
		05853EE71D245E5800FBD9B6 /* Info.plist */ = {isa = PBXFileReference; lastKnownFileType = text.plist.xml; path = Info.plist; sourceTree = "<group>"; };
		05913E0F1D3466F4002D477B /* DestinyInfo.swift */ = {isa = PBXFileReference; fileEncoding = 4; lastKnownFileType = sourcecode.swift; path = DestinyInfo.swift; sourceTree = "<group>"; };
		05913E111D370694002D477B /* DestinyCharacter.swift */ = {isa = PBXFileReference; fileEncoding = 4; lastKnownFileType = sourcecode.swift; path = DestinyCharacter.swift; sourceTree = "<group>"; };
		05913E131D3768E6002D477B /* LoginView.swift */ = {isa = PBXFileReference; fileEncoding = 4; lastKnownFileType = sourcecode.swift; path = LoginView.swift; sourceTree = "<group>"; };
		05913E151D39E7B8002D477B /* GoogleService-Info.plist */ = {isa = PBXFileReference; fileEncoding = 4; lastKnownFileType = text.plist.xml; path = "GoogleService-Info.plist"; sourceTree = "<group>"; };
		34627CEAAC160FE50614EEA6 /* Pods-Hinds_Justin_DestinyAppTests.release.xcconfig */ = {isa = PBXFileReference; includeInIndex = 1; lastKnownFileType = text.xcconfig; name = "Pods-Hinds_Justin_DestinyAppTests.release.xcconfig"; path = "Pods/Target Support Files/Pods-Hinds_Justin_DestinyAppTests/Pods-Hinds_Justin_DestinyAppTests.release.xcconfig"; sourceTree = "<group>"; };
		34906648CC5B9E3C116BF726 /* Pods-Hinds_Justin_DestinyAppTests.debug.xcconfig */ = {isa = PBXFileReference; includeInIndex = 1; lastKnownFileType = text.xcconfig; name = "Pods-Hinds_Justin_DestinyAppTests.debug.xcconfig"; path = "Pods/Target Support Files/Pods-Hinds_Justin_DestinyAppTests/Pods-Hinds_Justin_DestinyAppTests.debug.xcconfig"; sourceTree = "<group>"; };
		4C72DB46E3875EE1A2CAD7ED /* Pods_Hinds_Justin_DestinyApp.framework */ = {isa = PBXFileReference; explicitFileType = wrapper.framework; includeInIndex = 0; path = Pods_Hinds_Justin_DestinyApp.framework; sourceTree = BUILT_PRODUCTS_DIR; };
		59E16775763BC1381B07709A /* Pods-Hinds_Justin_DestinyApp.debug.xcconfig */ = {isa = PBXFileReference; includeInIndex = 1; lastKnownFileType = text.xcconfig; name = "Pods-Hinds_Justin_DestinyApp.debug.xcconfig"; path = "Pods/Target Support Files/Pods-Hinds_Justin_DestinyApp/Pods-Hinds_Justin_DestinyApp.debug.xcconfig"; sourceTree = "<group>"; };
		62802F19B170317A299AB0BF /* Pods-Hinds_Justin_DestinyAppUITests.release.xcconfig */ = {isa = PBXFileReference; includeInIndex = 1; lastKnownFileType = text.xcconfig; name = "Pods-Hinds_Justin_DestinyAppUITests.release.xcconfig"; path = "Pods/Target Support Files/Pods-Hinds_Justin_DestinyAppUITests/Pods-Hinds_Justin_DestinyAppUITests.release.xcconfig"; sourceTree = "<group>"; };
		9329DBDA9433FE93B61944A1 /* Pods-Hinds_Justin_DestinyApp.release.xcconfig */ = {isa = PBXFileReference; includeInIndex = 1; lastKnownFileType = text.xcconfig; name = "Pods-Hinds_Justin_DestinyApp.release.xcconfig"; path = "Pods/Target Support Files/Pods-Hinds_Justin_DestinyApp/Pods-Hinds_Justin_DestinyApp.release.xcconfig"; sourceTree = "<group>"; };
		97110320CB06361FE2DEDC53 /* Pods_Hinds_Justin_DestinyAppTests.framework */ = {isa = PBXFileReference; explicitFileType = wrapper.framework; includeInIndex = 0; path = Pods_Hinds_Justin_DestinyAppTests.framework; sourceTree = BUILT_PRODUCTS_DIR; };
		F3BD7328DED1C2FA0F06F265 /* Pods_Hinds_Justin_DestinyAppUITests.framework */ = {isa = PBXFileReference; explicitFileType = wrapper.framework; includeInIndex = 0; path = Pods_Hinds_Justin_DestinyAppUITests.framework; sourceTree = BUILT_PRODUCTS_DIR; };
		FAC678432E3B062EB9EEB0E0 /* Pods-Hinds_Justin_DestinyAppUITests.debug.xcconfig */ = {isa = PBXFileReference; includeInIndex = 1; lastKnownFileType = text.xcconfig; name = "Pods-Hinds_Justin_DestinyAppUITests.debug.xcconfig"; path = "Pods/Target Support Files/Pods-Hinds_Justin_DestinyAppUITests/Pods-Hinds_Justin_DestinyAppUITests.debug.xcconfig"; sourceTree = "<group>"; };
/* End PBXFileReference section */

/* Begin PBXFrameworksBuildPhase section */
		05853EBC1D245E5700FBD9B6 /* Frameworks */ = {
			isa = PBXFrameworksBuildPhase;
			buildActionMask = 2147483647;
			files = (
				76BE6391E612C75CFC176404 /* Pods_Hinds_Justin_DestinyApp.framework in Frameworks */,
			);
			runOnlyForDeploymentPostprocessing = 0;
		};
		05853ED31D245E5800FBD9B6 /* Frameworks */ = {
			isa = PBXFrameworksBuildPhase;
			buildActionMask = 2147483647;
			files = (
				62A03F5F61D6AF4C7FEB2C23 /* Pods_Hinds_Justin_DestinyAppTests.framework in Frameworks */,
			);
			runOnlyForDeploymentPostprocessing = 0;
		};
		05853EDE1D245E5800FBD9B6 /* Frameworks */ = {
			isa = PBXFrameworksBuildPhase;
			buildActionMask = 2147483647;
			files = (
				31A81C98D52F32EE078F5176 /* Pods_Hinds_Justin_DestinyAppUITests.framework in Frameworks */,
			);
			runOnlyForDeploymentPostprocessing = 0;
		};
/* End PBXFrameworksBuildPhase section */

/* Begin PBXGroup section */
		054812741D4029AD003285C1 /* CollectionView */ = {
			isa = PBXGroup;
			children = (
				05913E0F1D3466F4002D477B /* DestinyInfo.swift */,
				054812751D408EB1003285C1 /* CharacterSelect.swift */,
				054812721D4029A2003285C1 /* CustomCell.swift */,
			);
			name = CollectionView;
			sourceTree = "<group>";
		};
		05853EB61D245E5700FBD9B6 = {
			isa = PBXGroup;
			children = (
				05853EC11D245E5800FBD9B6 /* Hinds_Justin_DestinyApp */,
				05853ED91D245E5800FBD9B6 /* Hinds_Justin_DestinyAppTests */,
				05853EE41D245E5800FBD9B6 /* Hinds_Justin_DestinyAppUITests */,
				05853EC01D245E5800FBD9B6 /* Products */,
				A652B8410D1FDCF0DAB31C10 /* Pods */,
				2097AC82503E5F0EF86E4F38 /* Frameworks */,
			);
			sourceTree = "<group>";
		};
		05853EC01D245E5800FBD9B6 /* Products */ = {
			isa = PBXGroup;
			children = (
				05853EBF1D245E5800FBD9B6 /* Hinds_Justin_DestinyApp.app */,
				05853ED61D245E5800FBD9B6 /* Hinds_Justin_DestinyAppTests.xctest */,
				05853EE11D245E5800FBD9B6 /* Hinds_Justin_DestinyAppUITests.xctest */,
			);
			name = Products;
			sourceTree = "<group>";
		};
		05853EC11D245E5800FBD9B6 /* Hinds_Justin_DestinyApp */ = {
			isa = PBXGroup;
			children = (
				05853EC21D245E5800FBD9B6 /* AppDelegate.swift */,
				05853EC41D245E5800FBD9B6 /* DestinyViewController.swift */,
				054812791D416DC5003285C1 /* ChatView.swift */,
				05913E111D370694002D477B /* DestinyCharacter.swift */,
				05913E131D3768E6002D477B /* LoginView.swift */,
				05853EC61D245E5800FBD9B6 /* Main.storyboard */,
				054812741D4029AD003285C1 /* CollectionView */,
				05853ECC1D245E5800FBD9B6 /* Assets.xcassets */,
				05853ED11D245E5800FBD9B6 /* Info.plist */,
				05853ECE1D245E5800FBD9B6 /* LaunchScreen.storyboard */,
				05913E151D39E7B8002D477B /* GoogleService-Info.plist */,
				05853EC91D245E5800FBD9B6 /* Hinds_Justin_DestinyApp.xcdatamodeld */,
			);
			path = Hinds_Justin_DestinyApp;
			sourceTree = "<group>";
		};
		05853ED91D245E5800FBD9B6 /* Hinds_Justin_DestinyAppTests */ = {
			isa = PBXGroup;
			children = (
				05853EDA1D245E5800FBD9B6 /* Hinds_Justin_DestinyAppTests.swift */,
				05853EDC1D245E5800FBD9B6 /* Info.plist */,
			);
			path = Hinds_Justin_DestinyAppTests;
			sourceTree = "<group>";
		};
		05853EE41D245E5800FBD9B6 /* Hinds_Justin_DestinyAppUITests */ = {
			isa = PBXGroup;
			children = (
				05853EE51D245E5800FBD9B6 /* Hinds_Justin_DestinyAppUITests.swift */,
				05853EE71D245E5800FBD9B6 /* Info.plist */,
			);
			path = Hinds_Justin_DestinyAppUITests;
			sourceTree = "<group>";
		};
		2097AC82503E5F0EF86E4F38 /* Frameworks */ = {
			isa = PBXGroup;
			children = (
				4C72DB46E3875EE1A2CAD7ED /* Pods_Hinds_Justin_DestinyApp.framework */,
				97110320CB06361FE2DEDC53 /* Pods_Hinds_Justin_DestinyAppTests.framework */,
				F3BD7328DED1C2FA0F06F265 /* Pods_Hinds_Justin_DestinyAppUITests.framework */,
			);
			name = Frameworks;
			sourceTree = "<group>";
		};
		A652B8410D1FDCF0DAB31C10 /* Pods */ = {
			isa = PBXGroup;
			children = (
				59E16775763BC1381B07709A /* Pods-Hinds_Justin_DestinyApp.debug.xcconfig */,
				9329DBDA9433FE93B61944A1 /* Pods-Hinds_Justin_DestinyApp.release.xcconfig */,
				34906648CC5B9E3C116BF726 /* Pods-Hinds_Justin_DestinyAppTests.debug.xcconfig */,
				34627CEAAC160FE50614EEA6 /* Pods-Hinds_Justin_DestinyAppTests.release.xcconfig */,
				FAC678432E3B062EB9EEB0E0 /* Pods-Hinds_Justin_DestinyAppUITests.debug.xcconfig */,
				62802F19B170317A299AB0BF /* Pods-Hinds_Justin_DestinyAppUITests.release.xcconfig */,
			);
			name = Pods;
			sourceTree = "<group>";
		};
/* End PBXGroup section */

/* Begin PBXNativeTarget section */
		05853EBE1D245E5700FBD9B6 /* Hinds_Justin_DestinyApp */ = {
			isa = PBXNativeTarget;
			buildConfigurationList = 05853EEA1D245E5800FBD9B6 /* Build configuration list for PBXNativeTarget "Hinds_Justin_DestinyApp" */;
			buildPhases = (
				B4D669C5F7EF8FEF3ACB7C9C /* 📦 Check Pods Manifest.lock */,
				05853EBB1D245E5700FBD9B6 /* Sources */,
				05853EBC1D245E5700FBD9B6 /* Frameworks */,
				05853EBD1D245E5700FBD9B6 /* Resources */,
				A87298C1C2477012C6FD222E /* 📦 Embed Pods Frameworks */,
				BC9263939C7EF8036E8EAC87 /* 📦 Copy Pods Resources */,
			);
			buildRules = (
			);
			dependencies = (
			);
			name = Hinds_Justin_DestinyApp;
			productName = Hinds_Justin_DestinyApp;
			productReference = 05853EBF1D245E5800FBD9B6 /* Hinds_Justin_DestinyApp.app */;
			productType = "com.apple.product-type.application";
		};
		05853ED51D245E5800FBD9B6 /* Hinds_Justin_DestinyAppTests */ = {
			isa = PBXNativeTarget;
			buildConfigurationList = 05853EED1D245E5800FBD9B6 /* Build configuration list for PBXNativeTarget "Hinds_Justin_DestinyAppTests" */;
			buildPhases = (
				3B2B99DCE3FB231F76991B85 /* 📦 Check Pods Manifest.lock */,
				05853ED21D245E5800FBD9B6 /* Sources */,
				05853ED31D245E5800FBD9B6 /* Frameworks */,
				05853ED41D245E5800FBD9B6 /* Resources */,
				CFD4B97AC3A15F0BB03A2725 /* 📦 Embed Pods Frameworks */,
				4E58F19384AE2D921E1C3A55 /* 📦 Copy Pods Resources */,
			);
			buildRules = (
			);
			dependencies = (
				05853ED81D245E5800FBD9B6 /* PBXTargetDependency */,
			);
			name = Hinds_Justin_DestinyAppTests;
			productName = Hinds_Justin_DestinyAppTests;
			productReference = 05853ED61D245E5800FBD9B6 /* Hinds_Justin_DestinyAppTests.xctest */;
			productType = "com.apple.product-type.bundle.unit-test";
		};
		05853EE01D245E5800FBD9B6 /* Hinds_Justin_DestinyAppUITests */ = {
			isa = PBXNativeTarget;
			buildConfigurationList = 05853EF01D245E5800FBD9B6 /* Build configuration list for PBXNativeTarget "Hinds_Justin_DestinyAppUITests" */;
			buildPhases = (
				7E6882770F7794A94CEB98C6 /* 📦 Check Pods Manifest.lock */,
				05853EDD1D245E5800FBD9B6 /* Sources */,
				05853EDE1D245E5800FBD9B6 /* Frameworks */,
				05853EDF1D245E5800FBD9B6 /* Resources */,
				2ED13C09FFA53AC56ACB1073 /* 📦 Copy Pods Resources */,
			);
			buildRules = (
			);
			dependencies = (
				05853EE31D245E5800FBD9B6 /* PBXTargetDependency */,
			);
			name = Hinds_Justin_DestinyAppUITests;
			productName = Hinds_Justin_DestinyAppUITests;
			productReference = 05853EE11D245E5800FBD9B6 /* Hinds_Justin_DestinyAppUITests.xctest */;
			productType = "com.apple.product-type.bundle.ui-testing";
		};
/* End PBXNativeTarget section */

/* Begin PBXProject section */
		05853EB71D245E5700FBD9B6 /* Project object */ = {
			isa = PBXProject;
			attributes = {
				LastSwiftUpdateCheck = 0730;
				LastUpgradeCheck = 0730;
				ORGANIZATIONNAME = "Justin Hinds";
				TargetAttributes = {
					05853EBE1D245E5700FBD9B6 = {
						CreatedOnToolsVersion = 7.3.1;
						DevelopmentTeam = 632RN23THU;
					};
					05853ED51D245E5800FBD9B6 = {
						CreatedOnToolsVersion = 7.3.1;
						DevelopmentTeam = 632RN23THU;
						TestTargetID = 05853EBE1D245E5700FBD9B6;
					};
					05853EE01D245E5800FBD9B6 = {
						CreatedOnToolsVersion = 7.3.1;
						DevelopmentTeam = 632RN23THU;
						TestTargetID = 05853EBE1D245E5700FBD9B6;
					};
				};
			};
			buildConfigurationList = 05853EBA1D245E5700FBD9B6 /* Build configuration list for PBXProject "Hinds_Justin_DestinyApp" */;
			compatibilityVersion = "Xcode 3.2";
			developmentRegion = English;
			hasScannedForEncodings = 0;
			knownRegions = (
				en,
				Base,
			);
			mainGroup = 05853EB61D245E5700FBD9B6;
			productRefGroup = 05853EC01D245E5800FBD9B6 /* Products */;
			projectDirPath = "";
			projectRoot = "";
			targets = (
				05853EBE1D245E5700FBD9B6 /* Hinds_Justin_DestinyApp */,
				05853ED51D245E5800FBD9B6 /* Hinds_Justin_DestinyAppTests */,
				05853EE01D245E5800FBD9B6 /* Hinds_Justin_DestinyAppUITests */,
			);
		};
/* End PBXProject section */

/* Begin PBXResourcesBuildPhase section */
		05853EBD1D245E5700FBD9B6 /* Resources */ = {
			isa = PBXResourcesBuildPhase;
			buildActionMask = 2147483647;
			files = (
				05853ED01D245E5800FBD9B6 /* LaunchScreen.storyboard in Resources */,
				05853ECD1D245E5800FBD9B6 /* Assets.xcassets in Resources */,
				05853EC81D245E5800FBD9B6 /* Main.storyboard in Resources */,
				05913E161D39E7B8002D477B /* GoogleService-Info.plist in Resources */,
			);
			runOnlyForDeploymentPostprocessing = 0;
		};
		05853ED41D245E5800FBD9B6 /* Resources */ = {
			isa = PBXResourcesBuildPhase;
			buildActionMask = 2147483647;
			files = (
			);
			runOnlyForDeploymentPostprocessing = 0;
		};
		05853EDF1D245E5800FBD9B6 /* Resources */ = {
			isa = PBXResourcesBuildPhase;
			buildActionMask = 2147483647;
			files = (
			);
			runOnlyForDeploymentPostprocessing = 0;
		};
/* End PBXResourcesBuildPhase section */

/* Begin PBXShellScriptBuildPhase section */
		2ED13C09FFA53AC56ACB1073 /* 📦 Copy Pods Resources */ = {
			isa = PBXShellScriptBuildPhase;
			buildActionMask = 2147483647;
			files = (
			);
			inputPaths = (
			);
			name = "📦 Copy Pods Resources";
			outputPaths = (
			);
			runOnlyForDeploymentPostprocessing = 0;
			shellPath = /bin/sh;
			shellScript = "\"${SRCROOT}/Pods/Target Support Files/Pods-Hinds_Justin_DestinyAppUITests/Pods-Hinds_Justin_DestinyAppUITests-resources.sh\"\n";
			showEnvVarsInLog = 0;
		};
		3B2B99DCE3FB231F76991B85 /* 📦 Check Pods Manifest.lock */ = {
			isa = PBXShellScriptBuildPhase;
			buildActionMask = 2147483647;
			files = (
			);
			inputPaths = (
			);
			name = "📦 Check Pods Manifest.lock";
			outputPaths = (
			);
			runOnlyForDeploymentPostprocessing = 0;
			shellPath = /bin/sh;
			shellScript = "diff \"${PODS_ROOT}/../Podfile.lock\" \"${PODS_ROOT}/Manifest.lock\" > /dev/null\nif [[ $? != 0 ]] ; then\n    cat << EOM\nerror: The sandbox is not in sync with the Podfile.lock. Run 'pod install' or update your CocoaPods installation.\nEOM\n    exit 1\nfi\n";
			showEnvVarsInLog = 0;
		};
		4E58F19384AE2D921E1C3A55 /* 📦 Copy Pods Resources */ = {
			isa = PBXShellScriptBuildPhase;
			buildActionMask = 2147483647;
			files = (
			);
			inputPaths = (
			);
			name = "📦 Copy Pods Resources";
			outputPaths = (
			);
			runOnlyForDeploymentPostprocessing = 0;
			shellPath = /bin/sh;
			shellScript = "\"${SRCROOT}/Pods/Target Support Files/Pods-Hinds_Justin_DestinyAppTests/Pods-Hinds_Justin_DestinyAppTests-resources.sh\"\n";
			showEnvVarsInLog = 0;
		};
		7E6882770F7794A94CEB98C6 /* 📦 Check Pods Manifest.lock */ = {
			isa = PBXShellScriptBuildPhase;
			buildActionMask = 2147483647;
			files = (
			);
			inputPaths = (
			);
			name = "📦 Check Pods Manifest.lock";
			outputPaths = (
			);
			runOnlyForDeploymentPostprocessing = 0;
			shellPath = /bin/sh;
			shellScript = "diff \"${PODS_ROOT}/../Podfile.lock\" \"${PODS_ROOT}/Manifest.lock\" > /dev/null\nif [[ $? != 0 ]] ; then\n    cat << EOM\nerror: The sandbox is not in sync with the Podfile.lock. Run 'pod install' or update your CocoaPods installation.\nEOM\n    exit 1\nfi\n";
			showEnvVarsInLog = 0;
		};
		A87298C1C2477012C6FD222E /* 📦 Embed Pods Frameworks */ = {
			isa = PBXShellScriptBuildPhase;
			buildActionMask = 2147483647;
			files = (
			);
			inputPaths = (
			);
			name = "📦 Embed Pods Frameworks";
			outputPaths = (
			);
			runOnlyForDeploymentPostprocessing = 0;
			shellPath = /bin/sh;
			shellScript = "\"${SRCROOT}/Pods/Target Support Files/Pods-Hinds_Justin_DestinyApp/Pods-Hinds_Justin_DestinyApp-frameworks.sh\"\n";
			showEnvVarsInLog = 0;
		};
		B4D669C5F7EF8FEF3ACB7C9C /* 📦 Check Pods Manifest.lock */ = {
			isa = PBXShellScriptBuildPhase;
			buildActionMask = 2147483647;
			files = (
			);
			inputPaths = (
			);
			name = "📦 Check Pods Manifest.lock";
			outputPaths = (
			);
			runOnlyForDeploymentPostprocessing = 0;
			shellPath = /bin/sh;
			shellScript = "diff \"${PODS_ROOT}/../Podfile.lock\" \"${PODS_ROOT}/Manifest.lock\" > /dev/null\nif [[ $? != 0 ]] ; then\n    cat << EOM\nerror: The sandbox is not in sync with the Podfile.lock. Run 'pod install' or update your CocoaPods installation.\nEOM\n    exit 1\nfi\n";
			showEnvVarsInLog = 0;
		};
		BC9263939C7EF8036E8EAC87 /* 📦 Copy Pods Resources */ = {
			isa = PBXShellScriptBuildPhase;
			buildActionMask = 2147483647;
			files = (
			);
			inputPaths = (
			);
			name = "📦 Copy Pods Resources";
			outputPaths = (
			);
			runOnlyForDeploymentPostprocessing = 0;
			shellPath = /bin/sh;
			shellScript = "\"${SRCROOT}/Pods/Target Support Files/Pods-Hinds_Justin_DestinyApp/Pods-Hinds_Justin_DestinyApp-resources.sh\"\n";
			showEnvVarsInLog = 0;
		};
		CFD4B97AC3A15F0BB03A2725 /* 📦 Embed Pods Frameworks */ = {
			isa = PBXShellScriptBuildPhase;
			buildActionMask = 2147483647;
			files = (
			);
			inputPaths = (
			);
			name = "📦 Embed Pods Frameworks";
			outputPaths = (
			);
			runOnlyForDeploymentPostprocessing = 0;
			shellPath = /bin/sh;
			shellScript = "\"${SRCROOT}/Pods/Target Support Files/Pods-Hinds_Justin_DestinyAppTests/Pods-Hinds_Justin_DestinyAppTests-frameworks.sh\"\n";
			showEnvVarsInLog = 0;
		};
/* End PBXShellScriptBuildPhase section */

/* Begin PBXSourcesBuildPhase section */
		05853EBB1D245E5700FBD9B6 /* Sources */ = {
			isa = PBXSourcesBuildPhase;
			buildActionMask = 2147483647;
			files = (
				05913E101D3466F4002D477B /* DestinyInfo.swift in Sources */,
				05913E121D370694002D477B /* DestinyCharacter.swift in Sources */,
				05853EC51D245E5800FBD9B6 /* DestinyViewController.swift in Sources */,
				05853ECB1D245E5800FBD9B6 /* Hinds_Justin_DestinyApp.xcdatamodeld in Sources */,
				0548127A1D416DC5003285C1 /* ChatView.swift in Sources */,
				05913E141D3768E6002D477B /* LoginView.swift in Sources */,
				054812761D408EB1003285C1 /* CharacterSelect.swift in Sources */,
				054812731D4029A2003285C1 /* CustomCell.swift in Sources */,
				05853EC31D245E5800FBD9B6 /* AppDelegate.swift in Sources */,
			);
			runOnlyForDeploymentPostprocessing = 0;
		};
		05853ED21D245E5800FBD9B6 /* Sources */ = {
			isa = PBXSourcesBuildPhase;
			buildActionMask = 2147483647;
			files = (
				05853EDB1D245E5800FBD9B6 /* Hinds_Justin_DestinyAppTests.swift in Sources */,
			);
			runOnlyForDeploymentPostprocessing = 0;
		};
		05853EDD1D245E5800FBD9B6 /* Sources */ = {
			isa = PBXSourcesBuildPhase;
			buildActionMask = 2147483647;
			files = (
				05853EE61D245E5800FBD9B6 /* Hinds_Justin_DestinyAppUITests.swift in Sources */,
			);
			runOnlyForDeploymentPostprocessing = 0;
		};
/* End PBXSourcesBuildPhase section */

/* Begin PBXTargetDependency section */
		05853ED81D245E5800FBD9B6 /* PBXTargetDependency */ = {
			isa = PBXTargetDependency;
			target = 05853EBE1D245E5700FBD9B6 /* Hinds_Justin_DestinyApp */;
			targetProxy = 05853ED71D245E5800FBD9B6 /* PBXContainerItemProxy */;
		};
		05853EE31D245E5800FBD9B6 /* PBXTargetDependency */ = {
			isa = PBXTargetDependency;
			target = 05853EBE1D245E5700FBD9B6 /* Hinds_Justin_DestinyApp */;
			targetProxy = 05853EE21D245E5800FBD9B6 /* PBXContainerItemProxy */;
		};
/* End PBXTargetDependency section */

/* Begin PBXVariantGroup section */
		05853EC61D245E5800FBD9B6 /* Main.storyboard */ = {
			isa = PBXVariantGroup;
			children = (
				05853EC71D245E5800FBD9B6 /* Base */,
			);
			name = Main.storyboard;
			sourceTree = "<group>";
		};
		05853ECE1D245E5800FBD9B6 /* LaunchScreen.storyboard */ = {
			isa = PBXVariantGroup;
			children = (
				05853ECF1D245E5800FBD9B6 /* Base */,
			);
			name = LaunchScreen.storyboard;
			sourceTree = "<group>";
		};
/* End PBXVariantGroup section */

/* Begin XCBuildConfiguration section */
		05853EE81D245E5800FBD9B6 /* Debug */ = {
			isa = XCBuildConfiguration;
			buildSettings = {
				ALWAYS_SEARCH_USER_PATHS = NO;
				CLANG_ANALYZER_NONNULL = YES;
				CLANG_CXX_LANGUAGE_STANDARD = "gnu++0x";
				CLANG_CXX_LIBRARY = "libc++";
				CLANG_ENABLE_MODULES = YES;
				CLANG_ENABLE_OBJC_ARC = YES;
				CLANG_WARN_BOOL_CONVERSION = YES;
				CLANG_WARN_CONSTANT_CONVERSION = YES;
				CLANG_WARN_DIRECT_OBJC_ISA_USAGE = YES_ERROR;
				CLANG_WARN_EMPTY_BODY = YES;
				CLANG_WARN_ENUM_CONVERSION = YES;
				CLANG_WARN_INT_CONVERSION = YES;
				CLANG_WARN_OBJC_ROOT_CLASS = YES_ERROR;
				CLANG_WARN_UNREACHABLE_CODE = YES;
				CLANG_WARN__DUPLICATE_METHOD_MATCH = YES;
				"CODE_SIGN_IDENTITY[sdk=iphoneos*]" = "iPhone Developer";
				COPY_PHASE_STRIP = NO;
				DEBUG_INFORMATION_FORMAT = dwarf;
				ENABLE_STRICT_OBJC_MSGSEND = YES;
				ENABLE_TESTABILITY = YES;
				GCC_C_LANGUAGE_STANDARD = gnu99;
				GCC_DYNAMIC_NO_PIC = NO;
				GCC_NO_COMMON_BLOCKS = YES;
				GCC_OPTIMIZATION_LEVEL = 0;
				GCC_PREPROCESSOR_DEFINITIONS = (
					"DEBUG=1",
					"$(inherited)",
				);
				GCC_WARN_64_TO_32_BIT_CONVERSION = YES;
				GCC_WARN_ABOUT_RETURN_TYPE = YES_ERROR;
				GCC_WARN_UNDECLARED_SELECTOR = YES;
				GCC_WARN_UNINITIALIZED_AUTOS = YES_AGGRESSIVE;
				GCC_WARN_UNUSED_FUNCTION = YES;
				GCC_WARN_UNUSED_VARIABLE = YES;
				IPHONEOS_DEPLOYMENT_TARGET = 9.3;
				MTL_ENABLE_DEBUG_INFO = YES;
				ONLY_ACTIVE_ARCH = YES;
				SDKROOT = iphoneos;
				SWIFT_OPTIMIZATION_LEVEL = "-Onone";
			};
			name = Debug;
		};
		05853EE91D245E5800FBD9B6 /* Release */ = {
			isa = XCBuildConfiguration;
			buildSettings = {
				ALWAYS_SEARCH_USER_PATHS = NO;
				CLANG_ANALYZER_NONNULL = YES;
				CLANG_CXX_LANGUAGE_STANDARD = "gnu++0x";
				CLANG_CXX_LIBRARY = "libc++";
				CLANG_ENABLE_MODULES = YES;
				CLANG_ENABLE_OBJC_ARC = YES;
				CLANG_WARN_BOOL_CONVERSION = YES;
				CLANG_WARN_CONSTANT_CONVERSION = YES;
				CLANG_WARN_DIRECT_OBJC_ISA_USAGE = YES_ERROR;
				CLANG_WARN_EMPTY_BODY = YES;
				CLANG_WARN_ENUM_CONVERSION = YES;
				CLANG_WARN_INT_CONVERSION = YES;
				CLANG_WARN_OBJC_ROOT_CLASS = YES_ERROR;
				CLANG_WARN_UNREACHABLE_CODE = YES;
				CLANG_WARN__DUPLICATE_METHOD_MATCH = YES;
				"CODE_SIGN_IDENTITY[sdk=iphoneos*]" = "iPhone Developer";
				COPY_PHASE_STRIP = NO;
				DEBUG_INFORMATION_FORMAT = "dwarf-with-dsym";
				ENABLE_NS_ASSERTIONS = NO;
				ENABLE_STRICT_OBJC_MSGSEND = YES;
				GCC_C_LANGUAGE_STANDARD = gnu99;
				GCC_NO_COMMON_BLOCKS = YES;
				GCC_WARN_64_TO_32_BIT_CONVERSION = YES;
				GCC_WARN_ABOUT_RETURN_TYPE = YES_ERROR;
				GCC_WARN_UNDECLARED_SELECTOR = YES;
				GCC_WARN_UNINITIALIZED_AUTOS = YES_AGGRESSIVE;
				GCC_WARN_UNUSED_FUNCTION = YES;
				GCC_WARN_UNUSED_VARIABLE = YES;
				IPHONEOS_DEPLOYMENT_TARGET = 9.3;
				MTL_ENABLE_DEBUG_INFO = NO;
				SDKROOT = iphoneos;
				VALIDATE_PRODUCT = YES;
			};
			name = Release;
		};
		05853EEB1D245E5800FBD9B6 /* Debug */ = {
			isa = XCBuildConfiguration;
			baseConfigurationReference = 59E16775763BC1381B07709A /* Pods-Hinds_Justin_DestinyApp.debug.xcconfig */;
			buildSettings = {
				ASSETCATALOG_COMPILER_APPICON_NAME = AppIcon;
				CODE_SIGN_IDENTITY = "iPhone Developer";
				"CODE_SIGN_IDENTITY[sdk=iphoneos*]" = "iPhone Developer";
				INFOPLIST_FILE = Hinds_Justin_DestinyApp/Info.plist;
				LD_RUNPATH_SEARCH_PATHS = "$(inherited) @executable_path/Frameworks";
				PRODUCT_BUNDLE_IDENTIFIER = "com.arcane.Hinds-Justin-DestinyApp";
				PRODUCT_NAME = "$(TARGET_NAME)";
				PROVISIONING_PROFILE = "";
			};
			name = Debug;
		};
		05853EEC1D245E5800FBD9B6 /* Release */ = {
			isa = XCBuildConfiguration;
			baseConfigurationReference = 9329DBDA9433FE93B61944A1 /* Pods-Hinds_Justin_DestinyApp.release.xcconfig */;
			buildSettings = {
				ASSETCATALOG_COMPILER_APPICON_NAME = AppIcon;
				CODE_SIGN_IDENTITY = "iPhone Developer";
				"CODE_SIGN_IDENTITY[sdk=iphoneos*]" = "iPhone Developer";
				INFOPLIST_FILE = Hinds_Justin_DestinyApp/Info.plist;
				LD_RUNPATH_SEARCH_PATHS = "$(inherited) @executable_path/Frameworks";
				PRODUCT_BUNDLE_IDENTIFIER = "com.arcane.Hinds-Justin-DestinyApp";
				PRODUCT_NAME = "$(TARGET_NAME)";
				PROVISIONING_PROFILE = "";
			};
			name = Release;
		};
		05853EEE1D245E5800FBD9B6 /* Debug */ = {
			isa = XCBuildConfiguration;
			baseConfigurationReference = 34906648CC5B9E3C116BF726 /* Pods-Hinds_Justin_DestinyAppTests.debug.xcconfig */;
			buildSettings = {
				BUNDLE_LOADER = "$(TEST_HOST)";
				INFOPLIST_FILE = Hinds_Justin_DestinyAppTests/Info.plist;
				LD_RUNPATH_SEARCH_PATHS = "$(inherited) @executable_path/Frameworks @loader_path/Frameworks";
				PRODUCT_BUNDLE_IDENTIFIER = "com.arcane.Hinds-Justin-DestinyAppTests";
				PRODUCT_NAME = "$(TARGET_NAME)";
				TEST_HOST = "$(BUILT_PRODUCTS_DIR)/Hinds_Justin_DestinyApp.app/Hinds_Justin_DestinyApp";
			};
			name = Debug;
		};
		05853EEF1D245E5800FBD9B6 /* Release */ = {
			isa = XCBuildConfiguration;
			baseConfigurationReference = 34627CEAAC160FE50614EEA6 /* Pods-Hinds_Justin_DestinyAppTests.release.xcconfig */;
			buildSettings = {
				BUNDLE_LOADER = "$(TEST_HOST)";
				INFOPLIST_FILE = Hinds_Justin_DestinyAppTests/Info.plist;
				LD_RUNPATH_SEARCH_PATHS = "$(inherited) @executable_path/Frameworks @loader_path/Frameworks";
				PRODUCT_BUNDLE_IDENTIFIER = "com.arcane.Hinds-Justin-DestinyAppTests";
				PRODUCT_NAME = "$(TARGET_NAME)";
				TEST_HOST = "$(BUILT_PRODUCTS_DIR)/Hinds_Justin_DestinyApp.app/Hinds_Justin_DestinyApp";
			};
			name = Release;
		};
		05853EF11D245E5800FBD9B6 /* Debug */ = {
			isa = XCBuildConfiguration;
			baseConfigurationReference = FAC678432E3B062EB9EEB0E0 /* Pods-Hinds_Justin_DestinyAppUITests.debug.xcconfig */;
			buildSettings = {
				INFOPLIST_FILE = Hinds_Justin_DestinyAppUITests/Info.plist;
				LD_RUNPATH_SEARCH_PATHS = "$(inherited) @executable_path/Frameworks @loader_path/Frameworks";
				PRODUCT_BUNDLE_IDENTIFIER = "com.arcane.Hinds-Justin-DestinyAppUITests";
				PRODUCT_NAME = "$(TARGET_NAME)";
				TEST_TARGET_NAME = Hinds_Justin_DestinyApp;
			};
			name = Debug;
		};
		05853EF21D245E5800FBD9B6 /* Release */ = {
			isa = XCBuildConfiguration;
			baseConfigurationReference = 62802F19B170317A299AB0BF /* Pods-Hinds_Justin_DestinyAppUITests.release.xcconfig */;
			buildSettings = {
				INFOPLIST_FILE = Hinds_Justin_DestinyAppUITests/Info.plist;
				LD_RUNPATH_SEARCH_PATHS = "$(inherited) @executable_path/Frameworks @loader_path/Frameworks";
				PRODUCT_BUNDLE_IDENTIFIER = "com.arcane.Hinds-Justin-DestinyAppUITests";
				PRODUCT_NAME = "$(TARGET_NAME)";
				TEST_TARGET_NAME = Hinds_Justin_DestinyApp;
			};
			name = Release;
		};
/* End XCBuildConfiguration section */

/* Begin XCConfigurationList section */
		05853EBA1D245E5700FBD9B6 /* Build configuration list for PBXProject "Hinds_Justin_DestinyApp" */ = {
			isa = XCConfigurationList;
			buildConfigurations = (
				05853EE81D245E5800FBD9B6 /* Debug */,
				05853EE91D245E5800FBD9B6 /* Release */,
			);
			defaultConfigurationIsVisible = 0;
			defaultConfigurationName = Release;
		};
		05853EEA1D245E5800FBD9B6 /* Build configuration list for PBXNativeTarget "Hinds_Justin_DestinyApp" */ = {
			isa = XCConfigurationList;
			buildConfigurations = (
				05853EEB1D245E5800FBD9B6 /* Debug */,
				05853EEC1D245E5800FBD9B6 /* Release */,
			);
			defaultConfigurationIsVisible = 0;
			defaultConfigurationName = Release;
		};
		05853EED1D245E5800FBD9B6 /* Build configuration list for PBXNativeTarget "Hinds_Justin_DestinyAppTests" */ = {
			isa = XCConfigurationList;
			buildConfigurations = (
				05853EEE1D245E5800FBD9B6 /* Debug */,
				05853EEF1D245E5800FBD9B6 /* Release */,
			);
			defaultConfigurationIsVisible = 0;
			defaultConfigurationName = Release;
		};
		05853EF01D245E5800FBD9B6 /* Build configuration list for PBXNativeTarget "Hinds_Justin_DestinyAppUITests" */ = {
			isa = XCConfigurationList;
			buildConfigurations = (
				05853EF11D245E5800FBD9B6 /* Debug */,
				05853EF21D245E5800FBD9B6 /* Release */,
			);
			defaultConfigurationIsVisible = 0;
			defaultConfigurationName = Release;
		};
/* End XCConfigurationList section */

/* Begin XCVersionGroup section */
		05853EC91D245E5800FBD9B6 /* Hinds_Justin_DestinyApp.xcdatamodeld */ = {
			isa = XCVersionGroup;
			children = (
				05853ECA1D245E5800FBD9B6 /* Hinds_Justin_DestinyApp.xcdatamodel */,
			);
			currentVersion = 05853ECA1D245E5800FBD9B6 /* Hinds_Justin_DestinyApp.xcdatamodel */;
			path = Hinds_Justin_DestinyApp.xcdatamodeld;
			sourceTree = "<group>";
			versionGroupType = wrapper.xcdatamodel;
		};
/* End XCVersionGroup section */
	};
	rootObject = 05853EB71D245E5700FBD9B6 /* Project object */;
}
